// !$*UTF8*$!
{
	archiveVersion = 1;
	classes = {
	};
	objectVersion = 46;
	objects = {
/* Begin PBXBuildFile section */
		0207DA581B56EA530066E2B4 /* Images.xcassets in Resources */ = {isa = PBXBuildFile; fileRef = 0207DA571B56EA530066E2B4 /* Images.xcassets */; };
		1D3623260D0F684500981E51 /* AppDelegate.m in Sources */ = {isa = PBXBuildFile; fileRef = 1D3623250D0F684500981E51 /* AppDelegate.m */; };
		1D60589B0D05DD56006BFB54 /* main.m in Sources */ = {isa = PBXBuildFile; fileRef = 29B97316FDCFA39411CA2CEA /* main.m */; };
		301BF552109A68D80062928A /* libCordova.a in Frameworks */ = {isa = PBXBuildFile; fileRef = 301BF535109A57CC0062928A /* libCordova.a */; };
		302D95F114D2391D003F00A1 /* MainViewController.m in Sources */ = {isa = PBXBuildFile; fileRef = 302D95EF14D2391D003F00A1 /* MainViewController.m */; };
		302D95F214D2391D003F00A1 /* MainViewController.xib in Resources */ = {isa = PBXBuildFile; fileRef = 302D95F014D2391D003F00A1 /* MainViewController.xib */; };
		3047A5121AB8059700498E2A /* build-debug.xcconfig in Resources */ = {isa = PBXBuildFile; fileRef = 3047A50F1AB8059700498E2A /* build-debug.xcconfig */; };
		3047A5131AB8059700498E2A /* build-release.xcconfig in Resources */ = {isa = PBXBuildFile; fileRef = 3047A5101AB8059700498E2A /* build-release.xcconfig */; };
		3047A5141AB8059700498E2A /* build.xcconfig in Resources */ = {isa = PBXBuildFile; fileRef = 3047A5111AB8059700498E2A /* build.xcconfig */; };
		22DACB2E26A446A9808AD6D5 /* CDVBattery.m in Sources */ = {isa = PBXBuildFile; fileRef = ED886E7B22984922B6AF7296 /* CDVBattery.m */; };
		A49DC8C0459642C389784AAC /* UIImage+CropScaleOrientation.m in Sources */ = {isa = PBXBuildFile; fileRef = 7F292FC37A51423DA47D8062 /* UIImage+CropScaleOrientation.m */; };
		DFD2801319FC464FA8901E7D /* CDVCamera.m in Sources */ = {isa = PBXBuildFile; fileRef = A14D0A164D51481A9AA8A657 /* CDVCamera.m */; };
		594AFC149DA540DC80323018 /* CDVJpegHeaderWriter.m in Sources */ = {isa = PBXBuildFile; fileRef = 4894AFE9F8C84012A448D971 /* CDVJpegHeaderWriter.m */; };
		CE8E6961CCEC4283A272AC6F /* ImageIO.framework in Frameworks */ = {isa = PBXBuildFile; fileRef = 6A19BD4844484661A0BBAEC4 /* ImageIO.framework */; settings = {ATTRIBUTES = (Weak, ); }; };
		EA8682E7C36A414483A66B7C /* CoreLocation.framework in Frameworks */ = {isa = PBXBuildFile; fileRef = F2B64B3686824D30A21BD091 /* CoreLocation.framework */; };
		642C3E329E3F4FE6AAFA234B /* AVFoundation.framework in Frameworks */ = {isa = PBXBuildFile; fileRef = 46C86B3DF1DD461F8A2F33D4 /* AVFoundation.framework */; };
		62422DDB5C5A4DAC944DE593 /* CDVLogger.m in Sources */ = {isa = PBXBuildFile; fileRef = 085B9076D87A460EA92517EE /* CDVLogger.m */; };
		B553935A02774EDF8F6525B6 /* CDVContacts.m in Sources */ = {isa = PBXBuildFile; fileRef = 59BFD6E410A1468184749548 /* CDVContacts.m */; };
		72E72F0297814BB7ABD2401C /* CDVContact.m in Sources */ = {isa = PBXBuildFile; fileRef = 7674088A6D3F4D85865F2C8D /* CDVContact.m */; };
		1FB25666FE164009B49A6C29 /* AddressBook.framework in Frameworks */ = {isa = PBXBuildFile; fileRef = C85EEF804BAA4CE28C10A44E /* AddressBook.framework */; settings = {ATTRIBUTES = (Weak, ); }; };
		87483DE997D64ED592F1F55E /* AddressBookUI.framework in Frameworks */ = {isa = PBXBuildFile; fileRef = 28A15C5F8BA441CF80B05011 /* AddressBookUI.framework */; settings = {ATTRIBUTES = (Weak, ); }; };
		032B49D140834901AFD88CDE /* CDVDevice.m in Sources */ = {isa = PBXBuildFile; fileRef = B165CE995C38435CB70659E8 /* CDVDevice.m */; };
		C9F942993A1A4574BBFDC83F /* CDVAccelerometer.m in Sources */ = {isa = PBXBuildFile; fileRef = 4969C0C3D128449695EB6A0C /* CDVAccelerometer.m */; };
		0F5FFAEFD75544E9B00AE29E /* CoreMotion.framework in Frameworks */ = {isa = PBXBuildFile; fileRef = 626C8626A1444CDDB2FBE82F /* CoreMotion.framework */; };
		1F7BCC7BC66B405DA5E59690 /* CDVCompass.m in Sources */ = {isa = PBXBuildFile; fileRef = 87F4BEE084464069BC4D42F1 /* CDVCompass.m */; };
		81F39137E45D4F98B4687B5B /* CDVNotification.m in Sources */ = {isa = PBXBuildFile; fileRef = 6C4A1EF25B024D01A19B1CBC /* CDVNotification.m */; };
		215B0801F913447380A080BF /* CDVNotification.bundle in Resources */ = {isa = PBXBuildFile; fileRef = 4B99D9E03B82431698FFA58F /* CDVNotification.bundle */; };
		405D62AF185B4CAA893B097A /* AudioToolbox.framework in Frameworks */ = {isa = PBXBuildFile; fileRef = 5556974DCAF043FE81122357 /* AudioToolbox.framework */; settings = {ATTRIBUTES = (Weak, ); }; };
		AB3A662B6A3343568BD93526 /* CDVFileTransfer.m in Sources */ = {isa = PBXBuildFile; fileRef = F8FA19FAB9A0452387FBD665 /* CDVFileTransfer.m */; };
		DC5E9FAE90184E61B41D6AD8 /* CDVLocation.m in Sources */ = {isa = PBXBuildFile; fileRef = EF99D4C8595A4CFCB5FBBAC5 /* CDVLocation.m */; };
		20BA176D787245299045D76F /* CDVGlobalization.m in Sources */ = {isa = PBXBuildFile; fileRef = B9A051E6EB364A7784186665 /* CDVGlobalization.m */; };
		E9C6444B455644FC91A0B295 /* CDVInAppBrowser.m in Sources */ = {isa = PBXBuildFile; fileRef = EAE8AD84009C497A8F3C1A32 /* CDVInAppBrowser.m */; };
		948B900AEF01426FA0AEA374 /* CDVSound.m in Sources */ = {isa = PBXBuildFile; fileRef = 18808CE28BD2477E964FBB7F /* CDVSound.m */; };
		F3AA819126A5403DAC21086F /* CDVCapture.m in Sources */ = {isa = PBXBuildFile; fileRef = 6D04F0634174421FB8F78E0D /* CDVCapture.m */; };
		DD823557A38C46AB9E1809D9 /* CDVCapture.bundle in Resources */ = {isa = PBXBuildFile; fileRef = A9B1AFE45FC5464680BF3EC5 /* CDVCapture.bundle */; };
		4CE2B0935E59495D9BACE596 /* CDVConnection.m in Sources */ = {isa = PBXBuildFile; fileRef = CECF6EC146B145ADAF0A97E0 /* CDVConnection.m */; };
		791B480729794D64AA60E112 /* CDVReachability.m in Sources */ = {isa = PBXBuildFile; fileRef = C69C0BFD60BB4C64A95D23A3 /* CDVReachability.m */; };
		9EEBFB6A68634631BAB4B80B /* SystemConfiguration.framework in Frameworks */ = {isa = PBXBuildFile; fileRef = A93C1438D246492DA3601E46 /* SystemConfiguration.framework */; settings = {ATTRIBUTES = (Weak, ); }; };
		6FF2D0F3537D43AEB9CE389D /* CoreTelephony.framework in Frameworks */ = {isa = PBXBuildFile; fileRef = 727037C2059042FDAE8B3A7C /* CoreTelephony.framework */; };
		15CF4DEB15B44CCF866D7076 /* CDVSplashScreen.m in Sources */ = {isa = PBXBuildFile; fileRef = 1F5125072F4F4FB8B51402F2 /* CDVSplashScreen.m */; };
		4D8461BA9A52488C8FD5BB5F /* CDVViewController+SplashScreen.m in Sources */ = {isa = PBXBuildFile; fileRef = E6337883E661423B9FFA7FBB /* CDVViewController+SplashScreen.m */; };
		A35815870E2745BFA35B31AC /* CDVStatusBar.m in Sources */ = {isa = PBXBuildFile; fileRef = EDFC110B99B541FC9DA24C5D /* CDVStatusBar.m */; };
		937C2ACCE8014301B15A3BFC /* CDVVibration.m in Sources */ = {isa = PBXBuildFile; fileRef = 6663AB8C93B44EB8859B3FA9 /* CDVVibration.m */; };
		03CB291DCED14F81BD662A02 /* CDVFile.m in Sources */ = {isa = PBXBuildFile; fileRef = 1C27036BE6A04AA5BE492695 /* CDVFile.m */; };
		1C46E015C1FE49008FCE9752 /* CDVLocalFilesystem.m in Sources */ = {isa = PBXBuildFile; fileRef = 142AB37D671C475B8512BF4D /* CDVLocalFilesystem.m */; };
		3561858663C04B7399CC48D3 /* CDVAssetLibraryFilesystem.m in Sources */ = {isa = PBXBuildFile; fileRef = DD3A3765AF664A5496B5AA94 /* CDVAssetLibraryFilesystem.m */; };
/* End PBXBuildFile section */

/* Begin PBXContainerItemProxy section */
		301BF534109A57CC0062928A /* PBXContainerItemProxy */ = {
			isa = PBXContainerItemProxy;
			containerPortal = 301BF52D109A57CC0062928A /* CordovaLib.xcodeproj */;
			proxyType = 2;
			remoteGlobalIDString = D2AAC07E0554694100DB518D;
			remoteInfo = CordovaLib;
		};
		301BF550109A68C00062928A /* PBXContainerItemProxy */ = {
			isa = PBXContainerItemProxy;
			containerPortal = 301BF52D109A57CC0062928A /* CordovaLib.xcodeproj */;
			proxyType = 1;
			remoteGlobalIDString = D2AAC07D0554694100DB518D;
			remoteInfo = CordovaLib;
		};
/* End PBXContainerItemProxy section */

/* Begin PBXFileReference section */
		0207DA571B56EA530066E2B4 /* Images.xcassets */ = {isa = PBXFileReference; lastKnownFileType = folder.assetcatalog; name = Images.xcassets; path = "Mooona/Images.xcassets"; sourceTree = SOURCE_ROOT; };
		1D3623240D0F684500981E51 /* AppDelegate.h */ = {isa = PBXFileReference; fileEncoding = 4; lastKnownFileType = sourcecode.c.h; path = AppDelegate.h; sourceTree = "<group>"; };
		1D3623250D0F684500981E51 /* AppDelegate.m */ = {isa = PBXFileReference; fileEncoding = 4; lastKnownFileType = sourcecode.c.objc; path = AppDelegate.m; sourceTree = "<group>"; };
		1D6058910D05DD3D006BFB54 /* Mooona.app */ = {isa = PBXFileReference; explicitFileType = wrapper.application; includeInIndex = 0; path = "Mooona.app"; sourceTree = BUILT_PRODUCTS_DIR; };
		29B97316FDCFA39411CA2CEA /* main.m */ = {isa = PBXFileReference; fileEncoding = 4; lastKnownFileType = sourcecode.c.objc; path = main.m; sourceTree = "<group>"; };
		301BF52D109A57CC0062928A /* CordovaLib.xcodeproj */ = {isa = PBXFileReference; lastKnownFileType = "wrapper.pb-project"; path = CordovaLib.xcodeproj; sourceTree = CORDOVALIB; };
		301BF56E109A69640062928A /* www */ = {isa = PBXFileReference; lastKnownFileType = folder; path = www; sourceTree = SOURCE_ROOT; };
		302D95EE14D2391D003F00A1 /* MainViewController.h */ = {isa = PBXFileReference; fileEncoding = 4; lastKnownFileType = sourcecode.c.h; path = MainViewController.h; sourceTree = "<group>"; };
		302D95EF14D2391D003F00A1 /* MainViewController.m */ = {isa = PBXFileReference; fileEncoding = 4; lastKnownFileType = sourcecode.c.objc; path = MainViewController.m; sourceTree = "<group>"; };
		302D95F014D2391D003F00A1 /* MainViewController.xib */ = {isa = PBXFileReference; fileEncoding = 4; lastKnownFileType = file.xib; path = MainViewController.xib; sourceTree = "<group>"; };
		3047A50F1AB8059700498E2A /* build-debug.xcconfig */ = {isa = PBXFileReference; fileEncoding = 4; lastKnownFileType = text.xcconfig; name = "build-debug.xcconfig"; path = cordova/build-debug.xcconfig; sourceTree = SOURCE_ROOT; };
		3047A5101AB8059700498E2A /* build-release.xcconfig */ = {isa = PBXFileReference; fileEncoding = 4; lastKnownFileType = text.xcconfig; name = "build-release.xcconfig"; path = cordova/build-release.xcconfig; sourceTree = SOURCE_ROOT; };
		3047A5111AB8059700498E2A /* build.xcconfig */ = {isa = PBXFileReference; fileEncoding = 4; lastKnownFileType = text.xcconfig; name = build.xcconfig; path = cordova/build.xcconfig; sourceTree = SOURCE_ROOT; };
		32CA4F630368D1EE00C91783 /* Mooona-Prefix.pch */ = {isa = PBXFileReference; fileEncoding = 4; lastKnownFileType = sourcecode.c.h; path = "Mooona-Prefix.pch"; sourceTree = "<group>"; };
		8D1107310486CEB800E47090 /* Mooona-Info.plist */ = {isa = PBXFileReference; fileEncoding = 4; lastKnownFileType = text.plist.xml; name = "Mooona-Info.plist"; path = "Mooona/Mooona-Info.plist"; plistStructureDefinitionIdentifier = "com.apple.xcode.plist.structure-definition.iphone.info-plist"; sourceTree = SOURCE_ROOT; };
		EB87FDF31871DA8E0020F90C /* www */ = {isa = PBXFileReference; lastKnownFileType = folder; name = www; path = ../../www; sourceTree = "<group>"; };
		EB87FDF41871DAF40020F90C /* config.xml */ = {isa = PBXFileReference; lastKnownFileType = text.xml; name = config.xml; path = ../../config.xml; sourceTree = "<group>"; };
		F840E1F0165FE0F500CFE078 /* config.xml */ = {isa = PBXFileReference; lastKnownFileType = text.xml; name = config.xml; path = "Mooona/config.xml"; sourceTree = "<group>"; };
		ED33DF2A687741AEAF9F8254 /* Bridging-Header.h */ = {isa = PBXFileReference; fileEncoding = 4; lastKnownFileType = sourcecode.c.h; name = "Bridging-Header.h"; path = "Bridging-Header.h"; sourceTree = "<group>"; };
		ED886E7B22984922B6AF7296 /* CDVBattery.m */ = {isa = PBXFileReference; name = "CDVBattery.m"; path = "cordova-plugin-battery-status/CDVBattery.m"; sourceTree = "<group>"; fileEncoding = 4; lastKnownFileType = sourcecode.c.objc; explicitFileType = undefined; includeInIndex = 0; };
		169DB16027694EC799ECAADA /* CDVBattery.h */ = {isa = PBXFileReference; name = "CDVBattery.h"; path = "cordova-plugin-battery-status/CDVBattery.h"; sourceTree = "<group>"; fileEncoding = 4; lastKnownFileType = sourcecode.c.h; explicitFileType = undefined; includeInIndex = 0; };
		7F292FC37A51423DA47D8062 /* UIImage+CropScaleOrientation.m */ = {isa = PBXFileReference; name = "UIImage+CropScaleOrientation.m"; path = "cordova-plugin-camera/UIImage+CropScaleOrientation.m"; sourceTree = "<group>"; fileEncoding = 4; lastKnownFileType = sourcecode.c.objc; explicitFileType = undefined; includeInIndex = 0; };
		A14D0A164D51481A9AA8A657 /* CDVCamera.m */ = {isa = PBXFileReference; name = "CDVCamera.m"; path = "cordova-plugin-camera/CDVCamera.m"; sourceTree = "<group>"; fileEncoding = 4; lastKnownFileType = sourcecode.c.objc; explicitFileType = undefined; includeInIndex = 0; };
		4894AFE9F8C84012A448D971 /* CDVJpegHeaderWriter.m */ = {isa = PBXFileReference; name = "CDVJpegHeaderWriter.m"; path = "cordova-plugin-camera/CDVJpegHeaderWriter.m"; sourceTree = "<group>"; fileEncoding = 4; lastKnownFileType = sourcecode.c.objc; explicitFileType = undefined; includeInIndex = 0; };
		8A49DB3538CD41FAA035BC3C /* UIImage+CropScaleOrientation.h */ = {isa = PBXFileReference; name = "UIImage+CropScaleOrientation.h"; path = "cordova-plugin-camera/UIImage+CropScaleOrientation.h"; sourceTree = "<group>"; fileEncoding = 4; lastKnownFileType = sourcecode.c.h; explicitFileType = undefined; includeInIndex = 0; };
		5DEE11A30CE44B60B53C620B /* CDVCamera.h */ = {isa = PBXFileReference; name = "CDVCamera.h"; path = "cordova-plugin-camera/CDVCamera.h"; sourceTree = "<group>"; fileEncoding = 4; lastKnownFileType = sourcecode.c.h; explicitFileType = undefined; includeInIndex = 0; };
		CB8A2992A0DF458AACEDF6AB /* CDVJpegHeaderWriter.h */ = {isa = PBXFileReference; name = "CDVJpegHeaderWriter.h"; path = "cordova-plugin-camera/CDVJpegHeaderWriter.h"; sourceTree = "<group>"; fileEncoding = 4; lastKnownFileType = sourcecode.c.h; explicitFileType = undefined; includeInIndex = 0; };
		0F70D7DEC5164CEAB9320948 /* CDVExif.h */ = {isa = PBXFileReference; name = "CDVExif.h"; path = "cordova-plugin-camera/CDVExif.h"; sourceTree = "<group>"; fileEncoding = 4; lastKnownFileType = sourcecode.c.h; explicitFileType = undefined; includeInIndex = 0; };
		6A19BD4844484661A0BBAEC4 /* ImageIO.framework */ = {isa = PBXFileReference; name = "ImageIO.framework"; path = "System/Library/Frameworks/ImageIO.framework"; sourceTree = SDKROOT; fileEncoding = undefined; lastKnownFileType = wrapper.framework; explicitFileType = undefined; includeInIndex = 0; };
		F2B64B3686824D30A21BD091 /* CoreLocation.framework */ = {isa = PBXFileReference; name = "CoreLocation.framework"; path = "System/Library/Frameworks/CoreLocation.framework"; sourceTree = SDKROOT; fileEncoding = undefined; lastKnownFileType = wrapper.framework; explicitFileType = undefined; includeInIndex = 0; };
		46C86B3DF1DD461F8A2F33D4 /* AVFoundation.framework */ = {isa = PBXFileReference; name = "AVFoundation.framework"; path = "System/Library/Frameworks/AVFoundation.framework"; sourceTree = SDKROOT; fileEncoding = undefined; lastKnownFileType = wrapper.framework; explicitFileType = undefined; includeInIndex = 0; };
		085B9076D87A460EA92517EE /* CDVLogger.m */ = {isa = PBXFileReference; name = "CDVLogger.m"; path = "cordova-plugin-console/CDVLogger.m"; sourceTree = "<group>"; fileEncoding = 4; lastKnownFileType = sourcecode.c.objc; explicitFileType = undefined; includeInIndex = 0; };
		5D7CC76244714B14816CBB81 /* CDVLogger.h */ = {isa = PBXFileReference; name = "CDVLogger.h"; path = "cordova-plugin-console/CDVLogger.h"; sourceTree = "<group>"; fileEncoding = 4; lastKnownFileType = sourcecode.c.h; explicitFileType = undefined; includeInIndex = 0; };
		59BFD6E410A1468184749548 /* CDVContacts.m */ = {isa = PBXFileReference; name = "CDVContacts.m"; path = "cordova-plugin-contacts/CDVContacts.m"; sourceTree = "<group>"; fileEncoding = 4; lastKnownFileType = sourcecode.c.objc; explicitFileType = undefined; includeInIndex = 0; };
		7674088A6D3F4D85865F2C8D /* CDVContact.m */ = {isa = PBXFileReference; name = "CDVContact.m"; path = "cordova-plugin-contacts/CDVContact.m"; sourceTree = "<group>"; fileEncoding = 4; lastKnownFileType = sourcecode.c.objc; explicitFileType = undefined; includeInIndex = 0; };
		ECCE872E7C1F44BDAF013698 /* CDVContacts.h */ = {isa = PBXFileReference; name = "CDVContacts.h"; path = "cordova-plugin-contacts/CDVContacts.h"; sourceTree = "<group>"; fileEncoding = 4; lastKnownFileType = sourcecode.c.h; explicitFileType = undefined; includeInIndex = 0; };
		4BC725C658AF45178F4818FA /* CDVContact.h */ = {isa = PBXFileReference; name = "CDVContact.h"; path = "cordova-plugin-contacts/CDVContact.h"; sourceTree = "<group>"; fileEncoding = 4; lastKnownFileType = sourcecode.c.h; explicitFileType = undefined; includeInIndex = 0; };
		C85EEF804BAA4CE28C10A44E /* AddressBook.framework */ = {isa = PBXFileReference; name = "AddressBook.framework"; path = "System/Library/Frameworks/AddressBook.framework"; sourceTree = SDKROOT; fileEncoding = undefined; lastKnownFileType = wrapper.framework; explicitFileType = undefined; includeInIndex = 0; };
		28A15C5F8BA441CF80B05011 /* AddressBookUI.framework */ = {isa = PBXFileReference; name = "AddressBookUI.framework"; path = "System/Library/Frameworks/AddressBookUI.framework"; sourceTree = SDKROOT; fileEncoding = undefined; lastKnownFileType = wrapper.framework; explicitFileType = undefined; includeInIndex = 0; };
		B165CE995C38435CB70659E8 /* CDVDevice.m */ = {isa = PBXFileReference; name = "CDVDevice.m"; path = "cordova-plugin-device/CDVDevice.m"; sourceTree = "<group>"; fileEncoding = 4; lastKnownFileType = sourcecode.c.objc; explicitFileType = undefined; includeInIndex = 0; };
		1CD1CD72653E488391919F2A /* CDVDevice.h */ = {isa = PBXFileReference; name = "CDVDevice.h"; path = "cordova-plugin-device/CDVDevice.h"; sourceTree = "<group>"; fileEncoding = 4; lastKnownFileType = sourcecode.c.h; explicitFileType = undefined; includeInIndex = 0; };
		4969C0C3D128449695EB6A0C /* CDVAccelerometer.m */ = {isa = PBXFileReference; name = "CDVAccelerometer.m"; path = "cordova-plugin-device-motion/CDVAccelerometer.m"; sourceTree = "<group>"; fileEncoding = 4; lastKnownFileType = sourcecode.c.objc; explicitFileType = undefined; includeInIndex = 0; };
		0585FE14FE354FFFB37627E3 /* CDVAccelerometer.h */ = {isa = PBXFileReference; name = "CDVAccelerometer.h"; path = "cordova-plugin-device-motion/CDVAccelerometer.h"; sourceTree = "<group>"; fileEncoding = 4; lastKnownFileType = sourcecode.c.h; explicitFileType = undefined; includeInIndex = 0; };
		626C8626A1444CDDB2FBE82F /* CoreMotion.framework */ = {isa = PBXFileReference; name = "CoreMotion.framework"; path = "System/Library/Frameworks/CoreMotion.framework"; sourceTree = SDKROOT; fileEncoding = undefined; lastKnownFileType = wrapper.framework; explicitFileType = undefined; includeInIndex = 0; };
		87F4BEE084464069BC4D42F1 /* CDVCompass.m */ = {isa = PBXFileReference; name = "CDVCompass.m"; path = "cordova-plugin-device-orientation/CDVCompass.m"; sourceTree = "<group>"; fileEncoding = 4; lastKnownFileType = sourcecode.c.objc; explicitFileType = undefined; includeInIndex = 0; };
		8F041E7B9D7E400C9554A097 /* CDVCompass.h */ = {isa = PBXFileReference; name = "CDVCompass.h"; path = "cordova-plugin-device-orientation/CDVCompass.h"; sourceTree = "<group>"; fileEncoding = 4; lastKnownFileType = sourcecode.c.h; explicitFileType = undefined; includeInIndex = 0; };
		6C4A1EF25B024D01A19B1CBC /* CDVNotification.m */ = {isa = PBXFileReference; name = "CDVNotification.m"; path = "cordova-plugin-dialogs/CDVNotification.m"; sourceTree = "<group>"; fileEncoding = 4; lastKnownFileType = sourcecode.c.objc; explicitFileType = undefined; includeInIndex = 0; };
		7A2DAF40C1214E09AC59135A /* CDVNotification.h */ = {isa = PBXFileReference; name = "CDVNotification.h"; path = "cordova-plugin-dialogs/CDVNotification.h"; sourceTree = "<group>"; fileEncoding = 4; lastKnownFileType = sourcecode.c.h; explicitFileType = undefined; includeInIndex = 0; };
		4B99D9E03B82431698FFA58F /* CDVNotification.bundle */ = {isa = PBXFileReference; name = "CDVNotification.bundle"; path = "CDVNotification.bundle"; sourceTree = "<group>"; fileEncoding = undefined; lastKnownFileType = wrapper.plug-in; explicitFileType = undefined; includeInIndex = 0; };
		5556974DCAF043FE81122357 /* AudioToolbox.framework */ = {isa = PBXFileReference; name = "AudioToolbox.framework"; path = "System/Library/Frameworks/AudioToolbox.framework"; sourceTree = SDKROOT; fileEncoding = undefined; lastKnownFileType = wrapper.framework; explicitFileType = undefined; includeInIndex = 0; };
		F8FA19FAB9A0452387FBD665 /* CDVFileTransfer.m */ = {isa = PBXFileReference; name = "CDVFileTransfer.m"; path = "cordova-plugin-file-transfer/CDVFileTransfer.m"; sourceTree = "<group>"; fileEncoding = 4; lastKnownFileType = sourcecode.c.objc; explicitFileType = undefined; includeInIndex = 0; };
		07207BA494C8437B8185EFDB /* CDVFileTransfer.h */ = {isa = PBXFileReference; name = "CDVFileTransfer.h"; path = "cordova-plugin-file-transfer/CDVFileTransfer.h"; sourceTree = "<group>"; fileEncoding = 4; lastKnownFileType = sourcecode.c.h; explicitFileType = undefined; includeInIndex = 0; };
		EF99D4C8595A4CFCB5FBBAC5 /* CDVLocation.m */ = {isa = PBXFileReference; name = "CDVLocation.m"; path = "cordova-plugin-geolocation/CDVLocation.m"; sourceTree = "<group>"; fileEncoding = 4; lastKnownFileType = sourcecode.c.objc; explicitFileType = undefined; includeInIndex = 0; };
		4549192A5EDC4D4DB4BC3B72 /* CDVLocation.h */ = {isa = PBXFileReference; name = "CDVLocation.h"; path = "cordova-plugin-geolocation/CDVLocation.h"; sourceTree = "<group>"; fileEncoding = 4; lastKnownFileType = sourcecode.c.h; explicitFileType = undefined; includeInIndex = 0; };
		B9A051E6EB364A7784186665 /* CDVGlobalization.m */ = {isa = PBXFileReference; name = "CDVGlobalization.m"; path = "cordova-plugin-globalization/CDVGlobalization.m"; sourceTree = "<group>"; fileEncoding = 4; lastKnownFileType = sourcecode.c.objc; explicitFileType = undefined; includeInIndex = 0; };
		142EAC2121654896ABF57E35 /* CDVGlobalization.h */ = {isa = PBXFileReference; name = "CDVGlobalization.h"; path = "cordova-plugin-globalization/CDVGlobalization.h"; sourceTree = "<group>"; fileEncoding = 4; lastKnownFileType = sourcecode.c.h; explicitFileType = undefined; includeInIndex = 0; };
		EAE8AD84009C497A8F3C1A32 /* CDVInAppBrowser.m */ = {isa = PBXFileReference; name = "CDVInAppBrowser.m"; path = "cordova-plugin-inappbrowser/CDVInAppBrowser.m"; sourceTree = "<group>"; fileEncoding = 4; lastKnownFileType = sourcecode.c.objc; explicitFileType = undefined; includeInIndex = 0; };
		0AD0106225B448C39AF1B838 /* CDVInAppBrowser.h */ = {isa = PBXFileReference; name = "CDVInAppBrowser.h"; path = "cordova-plugin-inappbrowser/CDVInAppBrowser.h"; sourceTree = "<group>"; fileEncoding = 4; lastKnownFileType = sourcecode.c.h; explicitFileType = undefined; includeInIndex = 0; };
		18808CE28BD2477E964FBB7F /* CDVSound.m */ = {isa = PBXFileReference; name = "CDVSound.m"; path = "cordova-plugin-media/CDVSound.m"; sourceTree = "<group>"; fileEncoding = 4; lastKnownFileType = sourcecode.c.objc; explicitFileType = undefined; includeInIndex = 0; };
		74D4474A35744C81A7590581 /* CDVSound.h */ = {isa = PBXFileReference; name = "CDVSound.h"; path = "cordova-plugin-media/CDVSound.h"; sourceTree = "<group>"; fileEncoding = 4; lastKnownFileType = sourcecode.c.h; explicitFileType = undefined; includeInIndex = 0; };
		6D04F0634174421FB8F78E0D /* CDVCapture.m */ = {isa = PBXFileReference; name = "CDVCapture.m"; path = "cordova-plugin-media-capture/CDVCapture.m"; sourceTree = "<group>"; fileEncoding = 4; lastKnownFileType = sourcecode.c.objc; explicitFileType = undefined; includeInIndex = 0; };
		B99E65B489324BE0984FE33E /* CDVCapture.h */ = {isa = PBXFileReference; name = "CDVCapture.h"; path = "cordova-plugin-media-capture/CDVCapture.h"; sourceTree = "<group>"; fileEncoding = 4; lastKnownFileType = sourcecode.c.h; explicitFileType = undefined; includeInIndex = 0; };
		A9B1AFE45FC5464680BF3EC5 /* CDVCapture.bundle */ = {isa = PBXFileReference; name = "CDVCapture.bundle"; path = "CDVCapture.bundle"; sourceTree = "<group>"; fileEncoding = undefined; lastKnownFileType = wrapper.plug-in; explicitFileType = undefined; includeInIndex = 0; };
		CECF6EC146B145ADAF0A97E0 /* CDVConnection.m */ = {isa = PBXFileReference; name = "CDVConnection.m"; path = "cordova-plugin-network-information/CDVConnection.m"; sourceTree = "<group>"; fileEncoding = 4; lastKnownFileType = sourcecode.c.objc; explicitFileType = undefined; includeInIndex = 0; };
		C69C0BFD60BB4C64A95D23A3 /* CDVReachability.m */ = {isa = PBXFileReference; name = "CDVReachability.m"; path = "cordova-plugin-network-information/CDVReachability.m"; sourceTree = "<group>"; fileEncoding = 4; lastKnownFileType = sourcecode.c.objc; explicitFileType = undefined; includeInIndex = 0; };
		C2E78E3EBE964E5D89AB7761 /* CDVConnection.h */ = {isa = PBXFileReference; name = "CDVConnection.h"; path = "cordova-plugin-network-information/CDVConnection.h"; sourceTree = "<group>"; fileEncoding = 4; lastKnownFileType = sourcecode.c.h; explicitFileType = undefined; includeInIndex = 0; };
		8E2CAEE43EEB4D8FBDB341A8 /* CDVReachability.h */ = {isa = PBXFileReference; name = "CDVReachability.h"; path = "cordova-plugin-network-information/CDVReachability.h"; sourceTree = "<group>"; fileEncoding = 4; lastKnownFileType = sourcecode.c.h; explicitFileType = undefined; includeInIndex = 0; };
		A93C1438D246492DA3601E46 /* SystemConfiguration.framework */ = {isa = PBXFileReference; name = "SystemConfiguration.framework"; path = "System/Library/Frameworks/SystemConfiguration.framework"; sourceTree = SDKROOT; fileEncoding = undefined; lastKnownFileType = wrapper.framework; explicitFileType = undefined; includeInIndex = 0; };
		727037C2059042FDAE8B3A7C /* CoreTelephony.framework */ = {isa = PBXFileReference; name = "CoreTelephony.framework"; path = "System/Library/Frameworks/CoreTelephony.framework"; sourceTree = SDKROOT; fileEncoding = undefined; lastKnownFileType = wrapper.framework; explicitFileType = undefined; includeInIndex = 0; };
		1F5125072F4F4FB8B51402F2 /* CDVSplashScreen.m */ = {isa = PBXFileReference; name = "CDVSplashScreen.m"; path = "cordova-plugin-splashscreen/CDVSplashScreen.m"; sourceTree = "<group>"; fileEncoding = 4; lastKnownFileType = sourcecode.c.objc; explicitFileType = undefined; includeInIndex = 0; };
		E6337883E661423B9FFA7FBB /* CDVViewController+SplashScreen.m */ = {isa = PBXFileReference; name = "CDVViewController+SplashScreen.m"; path = "cordova-plugin-splashscreen/CDVViewController+SplashScreen.m"; sourceTree = "<group>"; fileEncoding = 4; lastKnownFileType = sourcecode.c.objc; explicitFileType = undefined; includeInIndex = 0; };
		AF3B802BA33C4E33BFFBBAC5 /* CDVSplashScreen.h */ = {isa = PBXFileReference; name = "CDVSplashScreen.h"; path = "cordova-plugin-splashscreen/CDVSplashScreen.h"; sourceTree = "<group>"; fileEncoding = 4; lastKnownFileType = sourcecode.c.h; explicitFileType = undefined; includeInIndex = 0; };
		8AD557C654A7427BB7D03A18 /* CDVViewController+SplashScreen.h */ = {isa = PBXFileReference; name = "CDVViewController+SplashScreen.h"; path = "cordova-plugin-splashscreen/CDVViewController+SplashScreen.h"; sourceTree = "<group>"; fileEncoding = 4; lastKnownFileType = sourcecode.c.h; explicitFileType = undefined; includeInIndex = 0; };
		EDFC110B99B541FC9DA24C5D /* CDVStatusBar.m */ = {isa = PBXFileReference; name = "CDVStatusBar.m"; path = "cordova-plugin-statusbar/CDVStatusBar.m"; sourceTree = "<group>"; fileEncoding = 4; lastKnownFileType = sourcecode.c.objc; explicitFileType = undefined; includeInIndex = 0; };
		7F2C8E939BC44E42A5E54140 /* CDVStatusBar.h */ = {isa = PBXFileReference; name = "CDVStatusBar.h"; path = "cordova-plugin-statusbar/CDVStatusBar.h"; sourceTree = "<group>"; fileEncoding = 4; lastKnownFileType = sourcecode.c.h; explicitFileType = undefined; includeInIndex = 0; };
		6663AB8C93B44EB8859B3FA9 /* CDVVibration.m */ = {isa = PBXFileReference; name = "CDVVibration.m"; path = "cordova-plugin-vibration/CDVVibration.m"; sourceTree = "<group>"; fileEncoding = 4; lastKnownFileType = sourcecode.c.objc; explicitFileType = undefined; includeInIndex = 0; };
		88177C67B33C450487AD3131 /* CDVVibration.h */ = {isa = PBXFileReference; name = "CDVVibration.h"; path = "cordova-plugin-vibration/CDVVibration.h"; sourceTree = "<group>"; fileEncoding = 4; lastKnownFileType = sourcecode.c.h; explicitFileType = undefined; includeInIndex = 0; };
		1C27036BE6A04AA5BE492695 /* CDVFile.m */ = {isa = PBXFileReference; name = "CDVFile.m"; path = "cordova-plugin-file/CDVFile.m"; sourceTree = "<group>"; fileEncoding = 4; lastKnownFileType = sourcecode.c.objc; explicitFileType = undefined; includeInIndex = 0; };
		142AB37D671C475B8512BF4D /* CDVLocalFilesystem.m */ = {isa = PBXFileReference; name = "CDVLocalFilesystem.m"; path = "cordova-plugin-file/CDVLocalFilesystem.m"; sourceTree = "<group>"; fileEncoding = 4; lastKnownFileType = sourcecode.c.objc; explicitFileType = undefined; includeInIndex = 0; };
		DD3A3765AF664A5496B5AA94 /* CDVAssetLibraryFilesystem.m */ = {isa = PBXFileReference; name = "CDVAssetLibraryFilesystem.m"; path = "cordova-plugin-file/CDVAssetLibraryFilesystem.m"; sourceTree = "<group>"; fileEncoding = 4; lastKnownFileType = sourcecode.c.objc; explicitFileType = undefined; includeInIndex = 0; };
		A3805D97E98E4D61955BFDB7 /* CDVFile.h */ = {isa = PBXFileReference; name = "CDVFile.h"; path = "cordova-plugin-file/CDVFile.h"; sourceTree = "<group>"; fileEncoding = 4; lastKnownFileType = sourcecode.c.h; explicitFileType = undefined; includeInIndex = 0; };
		63C1E16E9BF74E74A239A0B8 /* CDVLocalFilesystem.h */ = {isa = PBXFileReference; name = "CDVLocalFilesystem.h"; path = "cordova-plugin-file/CDVLocalFilesystem.h"; sourceTree = "<group>"; fileEncoding = 4; lastKnownFileType = sourcecode.c.h; explicitFileType = undefined; includeInIndex = 0; };
		FEA18DDBBF484153B7D948FF /* CDVAssetLibraryFilesystem.h */ = {isa = PBXFileReference; name = "CDVAssetLibraryFilesystem.h"; path = "cordova-plugin-file/CDVAssetLibraryFilesystem.h"; sourceTree = "<group>"; fileEncoding = 4; lastKnownFileType = sourcecode.c.h; explicitFileType = undefined; includeInIndex = 0; };
/* End PBXFileReference section */

/* Begin PBXFrameworksBuildPhase section */
		1D60588F0D05DD3D006BFB54 /* Frameworks */ = {
			isa = PBXFrameworksBuildPhase;
			buildActionMask = 2147483647;
			files = (
				301BF552109A68D80062928A /* libCordova.a in Frameworks */,
				CE8E6961CCEC4283A272AC6F /* ImageIO.framework in Frameworks */,
				EA8682E7C36A414483A66B7C /* CoreLocation.framework in Frameworks */,
				642C3E329E3F4FE6AAFA234B /* AVFoundation.framework in Frameworks */,
				1FB25666FE164009B49A6C29 /* AddressBook.framework in Frameworks */,
				87483DE997D64ED592F1F55E /* AddressBookUI.framework in Frameworks */,
				0F5FFAEFD75544E9B00AE29E /* CoreMotion.framework in Frameworks */,
				405D62AF185B4CAA893B097A /* AudioToolbox.framework in Frameworks */,
				9EEBFB6A68634631BAB4B80B /* SystemConfiguration.framework in Frameworks */,
				6FF2D0F3537D43AEB9CE389D /* CoreTelephony.framework in Frameworks */,
			);
			runOnlyForDeploymentPostprocessing = 0;
		};
/* End PBXFrameworksBuildPhase section */

/* Begin PBXGroup section */
		080E96DDFE201D6D7F000001 /* Classes */ = {
			isa = PBXGroup;
			children = (
				302D95EE14D2391D003F00A1 /* MainViewController.h */,
				302D95EF14D2391D003F00A1 /* MainViewController.m */,
				302D95F014D2391D003F00A1 /* MainViewController.xib */,
				1D3623240D0F684500981E51 /* AppDelegate.h */,
				1D3623250D0F684500981E51 /* AppDelegate.m */,
			);
			name = Classes;
			path = "Mooona/Classes";
			sourceTree = SOURCE_ROOT;
		};
		19C28FACFE9D520D11CA2CBB /* Products */ = {
			isa = PBXGroup;
			children = (
				1D6058910D05DD3D006BFB54 /* Mooona.app */,
			);
			name = Products;
			sourceTree = "<group>";
		};
		29B97314FDCFA39411CA2CEA /* CustomTemplate */ = {
			isa = PBXGroup;
			children = (
				EB87FDF41871DAF40020F90C /* config.xml */,
				EB87FDF31871DA8E0020F90C /* www */,
				EB87FDF11871DA420020F90C /* Staging */,
				301BF52D109A57CC0062928A /* CordovaLib.xcodeproj */,
				080E96DDFE201D6D7F000001 /* Classes */,
				307C750510C5A3420062BCA9 /* Plugins */,
				29B97315FDCFA39411CA2CEA /* Other Sources */,
				29B97317FDCFA39411CA2CEA /* Resources */,
				29B97323FDCFA39411CA2CEA /* Frameworks */,
				19C28FACFE9D520D11CA2CBB /* Products */,
			);
			name = CustomTemplate;
			sourceTree = "<group>";
		};
		29B97315FDCFA39411CA2CEA /* Other Sources */ = {
			isa = PBXGroup;
			children = (
				32CA4F630368D1EE00C91783 /* Mooona-Prefix.pch */,
				29B97316FDCFA39411CA2CEA /* main.m */,
				ED33DF2A687741AEAF9F8254 /* Bridging-Header.h */,
			);
			name = "Other Sources";
			path = "Mooona";
			sourceTree = "<group>";
		};
		29B97317FDCFA39411CA2CEA /* Resources */ = {
			isa = PBXGroup;
			children = (
				0207DA571B56EA530066E2B4 /* Images.xcassets */,
				3047A50E1AB8057F00498E2A /* config */,
				8D1107310486CEB800E47090 /* Mooona-Info.plist */,
				4B99D9E03B82431698FFA58F /* CDVNotification.bundle */,
				A9B1AFE45FC5464680BF3EC5 /* CDVCapture.bundle */,
			);
			name = Resources;
			path = "Mooona/Resources";
			sourceTree = "<group>";
		};
		29B97323FDCFA39411CA2CEA /* Frameworks */ = {
			isa = PBXGroup;
			children = (
				6A19BD4844484661A0BBAEC4 /* ImageIO.framework */,
				F2B64B3686824D30A21BD091 /* CoreLocation.framework */,
				46C86B3DF1DD461F8A2F33D4 /* AVFoundation.framework */,
				C85EEF804BAA4CE28C10A44E /* AddressBook.framework */,
				28A15C5F8BA441CF80B05011 /* AddressBookUI.framework */,
				626C8626A1444CDDB2FBE82F /* CoreMotion.framework */,
				5556974DCAF043FE81122357 /* AudioToolbox.framework */,
				A93C1438D246492DA3601E46 /* SystemConfiguration.framework */,
				727037C2059042FDAE8B3A7C /* CoreTelephony.framework */,
			);
			name = Frameworks;
			sourceTree = "<group>";
		};
		301BF52E109A57CC0062928A /* Products */ = {
			isa = PBXGroup;
			children = (
				301BF535109A57CC0062928A /* libCordova.a */,
			);
			name = Products;
			sourceTree = "<group>";
		};
		3047A50E1AB8057F00498E2A /* config */ = {
			isa = PBXGroup;
			children = (
				3047A50F1AB8059700498E2A /* build-debug.xcconfig */,
				3047A5101AB8059700498E2A /* build-release.xcconfig */,
				3047A5111AB8059700498E2A /* build.xcconfig */,
			);
			name = config;
			sourceTree = "<group>";
		};
		307C750510C5A3420062BCA9 /* Plugins */ = {
			isa = PBXGroup;
			children = (
				ED886E7B22984922B6AF7296 /* CDVBattery.m */,
				169DB16027694EC799ECAADA /* CDVBattery.h */,
				7F292FC37A51423DA47D8062 /* UIImage+CropScaleOrientation.m */,
				A14D0A164D51481A9AA8A657 /* CDVCamera.m */,
				4894AFE9F8C84012A448D971 /* CDVJpegHeaderWriter.m */,
				8A49DB3538CD41FAA035BC3C /* UIImage+CropScaleOrientation.h */,
				5DEE11A30CE44B60B53C620B /* CDVCamera.h */,
				CB8A2992A0DF458AACEDF6AB /* CDVJpegHeaderWriter.h */,
				0F70D7DEC5164CEAB9320948 /* CDVExif.h */,
				085B9076D87A460EA92517EE /* CDVLogger.m */,
				5D7CC76244714B14816CBB81 /* CDVLogger.h */,
				59BFD6E410A1468184749548 /* CDVContacts.m */,
				7674088A6D3F4D85865F2C8D /* CDVContact.m */,
				ECCE872E7C1F44BDAF013698 /* CDVContacts.h */,
				4BC725C658AF45178F4818FA /* CDVContact.h */,
				B165CE995C38435CB70659E8 /* CDVDevice.m */,
				1CD1CD72653E488391919F2A /* CDVDevice.h */,
				4969C0C3D128449695EB6A0C /* CDVAccelerometer.m */,
				0585FE14FE354FFFB37627E3 /* CDVAccelerometer.h */,
				87F4BEE084464069BC4D42F1 /* CDVCompass.m */,
				8F041E7B9D7E400C9554A097 /* CDVCompass.h */,
				6C4A1EF25B024D01A19B1CBC /* CDVNotification.m */,
				7A2DAF40C1214E09AC59135A /* CDVNotification.h */,
				F8FA19FAB9A0452387FBD665 /* CDVFileTransfer.m */,
				07207BA494C8437B8185EFDB /* CDVFileTransfer.h */,
				EF99D4C8595A4CFCB5FBBAC5 /* CDVLocation.m */,
				4549192A5EDC4D4DB4BC3B72 /* CDVLocation.h */,
				B9A051E6EB364A7784186665 /* CDVGlobalization.m */,
				142EAC2121654896ABF57E35 /* CDVGlobalization.h */,
				EAE8AD84009C497A8F3C1A32 /* CDVInAppBrowser.m */,
				0AD0106225B448C39AF1B838 /* CDVInAppBrowser.h */,
				18808CE28BD2477E964FBB7F /* CDVSound.m */,
				74D4474A35744C81A7590581 /* CDVSound.h */,
				6D04F0634174421FB8F78E0D /* CDVCapture.m */,
				B99E65B489324BE0984FE33E /* CDVCapture.h */,
				CECF6EC146B145ADAF0A97E0 /* CDVConnection.m */,
				C69C0BFD60BB4C64A95D23A3 /* CDVReachability.m */,
				C2E78E3EBE964E5D89AB7761 /* CDVConnection.h */,
				8E2CAEE43EEB4D8FBDB341A8 /* CDVReachability.h */,
				1F5125072F4F4FB8B51402F2 /* CDVSplashScreen.m */,
				E6337883E661423B9FFA7FBB /* CDVViewController+SplashScreen.m */,
				AF3B802BA33C4E33BFFBBAC5 /* CDVSplashScreen.h */,
				8AD557C654A7427BB7D03A18 /* CDVViewController+SplashScreen.h */,
				EDFC110B99B541FC9DA24C5D /* CDVStatusBar.m */,
				7F2C8E939BC44E42A5E54140 /* CDVStatusBar.h */,
				6663AB8C93B44EB8859B3FA9 /* CDVVibration.m */,
				88177C67B33C450487AD3131 /* CDVVibration.h */,
				1C27036BE6A04AA5BE492695 /* CDVFile.m */,
				142AB37D671C475B8512BF4D /* CDVLocalFilesystem.m */,
				DD3A3765AF664A5496B5AA94 /* CDVAssetLibraryFilesystem.m */,
				A3805D97E98E4D61955BFDB7 /* CDVFile.h */,
				63C1E16E9BF74E74A239A0B8 /* CDVLocalFilesystem.h */,
				FEA18DDBBF484153B7D948FF /* CDVAssetLibraryFilesystem.h */,
			);
			name = Plugins;
			path = "Mooona/Plugins";
			sourceTree = SOURCE_ROOT;
		};
		EB87FDF11871DA420020F90C /* Staging */ = {
			isa = PBXGroup;
			children = (
				F840E1F0165FE0F500CFE078 /* config.xml */,
				301BF56E109A69640062928A /* www */,
			);
			name = Staging;
			sourceTree = "<group>";
		};
/* End PBXGroup section */

/* Begin PBXNativeTarget section */
		1D6058900D05DD3D006BFB54 /* Mooona */ = {
			isa = PBXNativeTarget;
			buildConfigurationList = 1D6058960D05DD3E006BFB54 /* Build configuration list for PBXNativeTarget "Mooona" */;
			buildPhases = (
				304B58A110DAC018002A0835 /* Copy www directory */,
				1D60588D0D05DD3D006BFB54 /* Resources */,
				1D60588E0D05DD3D006BFB54 /* Sources */,
				1D60588F0D05DD3D006BFB54 /* Frameworks */,
			);
			buildRules = (
			);
			dependencies = (
				301BF551109A68C00062928A /* PBXTargetDependency */,
			);
			name = "Mooona";
			productName = "Mooona";
			productReference = 1D6058910D05DD3D006BFB54 /* Mooona.app */;
			productType = "com.apple.product-type.application";
		};
/* End PBXNativeTarget section */

/* Begin PBXProject section */
		29B97313FDCFA39411CA2CEA /* Project object */ = {
			isa = PBXProject;
			attributes = {
				LastUpgradeCheck = 510;
			};
			buildConfigurationList = C01FCF4E08A954540054247B /* Build configuration list for PBXProject "__NON-CLI__" */;
			compatibilityVersion = "Xcode 3.2";
			developmentRegion = English;
			hasScannedForEncodings = 1;
			mainGroup = 29B97314FDCFA39411CA2CEA /* CustomTemplate */;
			projectDirPath = "";
			projectReferences = (
				{
					ProductGroup = 301BF52E109A57CC0062928A /* Products */;
					ProjectRef = 301BF52D109A57CC0062928A /* CordovaLib.xcodeproj */;
				},
			);
			projectRoot = "";
			targets = (
				1D6058900D05DD3D006BFB54 /* Mooona */,
			);
		};
/* End PBXProject section */

/* Begin PBXReferenceProxy section */
		301BF535109A57CC0062928A /* libCordova.a */ = {
			isa = PBXReferenceProxy;
			fileType = archive.ar;
			path = libCordova.a;
			remoteRef = 301BF534109A57CC0062928A /* PBXContainerItemProxy */;
			sourceTree = BUILT_PRODUCTS_DIR;
		};
/* End PBXReferenceProxy section */

/* Begin PBXResourcesBuildPhase section */
		1D60588D0D05DD3D006BFB54 /* Resources */ = {
			isa = PBXResourcesBuildPhase;
			buildActionMask = 2147483647;
			files = (
				302D95F214D2391D003F00A1 /* MainViewController.xib in Resources */,
				3047A5131AB8059700498E2A /* build-release.xcconfig in Resources */,
				3047A5141AB8059700498E2A /* build.xcconfig in Resources */,
				0207DA581B56EA530066E2B4 /* Images.xcassets in Resources */,
				3047A5121AB8059700498E2A /* build-debug.xcconfig in Resources */,
				215B0801F913447380A080BF /* CDVNotification.bundle in Resources */,
				DD823557A38C46AB9E1809D9 /* CDVCapture.bundle in Resources */,
			);
			runOnlyForDeploymentPostprocessing = 0;
		};
/* End PBXResourcesBuildPhase section */

/* Begin PBXShellScriptBuildPhase section */
		304B58A110DAC018002A0835 /* Copy www directory */ = {
			isa = PBXShellScriptBuildPhase;
			buildActionMask = 2147483647;
			files = (
			);
			inputPaths = (
			);
			name = "Copy www directory";
			outputPaths = (
			);
			runOnlyForDeploymentPostprocessing = 0;
			shellPath = /bin/sh;
			shellScript = "NODEJS_PATH=/usr/local/bin; NVM_NODE_PATH=~/.nvm/versions/node/`nvm version 2>/dev/null`/bin; N_NODE_PATH=`find /usr/local/n/versions/node/* -maxdepth 0 -type d 2>/dev/null | tail -1`/bin; XCODE_NODE_PATH=`xcode-select --print-path`/usr/share/xcs/Node/bin; PATH=$NODEJS_PATH:$NVM_NODE_PATH:$N_NODE_PATH:$XCODE_NODE_PATH:$PATH && node cordova/lib/copy-www-build-step.js";
			showEnvVarsInLog = 0;
		};
/* End PBXShellScriptBuildPhase section */

/* Begin PBXSourcesBuildPhase section */
		1D60588E0D05DD3D006BFB54 /* Sources */ = {
			isa = PBXSourcesBuildPhase;
			buildActionMask = 2147483647;
			files = (
				1D60589B0D05DD56006BFB54 /* main.m in Sources */,
				1D3623260D0F684500981E51 /* AppDelegate.m in Sources */,
				302D95F114D2391D003F00A1 /* MainViewController.m in Sources */,
				22DACB2E26A446A9808AD6D5 /* CDVBattery.m in Sources */,
				A49DC8C0459642C389784AAC /* UIImage+CropScaleOrientation.m in Sources */,
				DFD2801319FC464FA8901E7D /* CDVCamera.m in Sources */,
				594AFC149DA540DC80323018 /* CDVJpegHeaderWriter.m in Sources */,
				62422DDB5C5A4DAC944DE593 /* CDVLogger.m in Sources */,
				B553935A02774EDF8F6525B6 /* CDVContacts.m in Sources */,
				72E72F0297814BB7ABD2401C /* CDVContact.m in Sources */,
				032B49D140834901AFD88CDE /* CDVDevice.m in Sources */,
				C9F942993A1A4574BBFDC83F /* CDVAccelerometer.m in Sources */,
				1F7BCC7BC66B405DA5E59690 /* CDVCompass.m in Sources */,
				81F39137E45D4F98B4687B5B /* CDVNotification.m in Sources */,
				AB3A662B6A3343568BD93526 /* CDVFileTransfer.m in Sources */,
				DC5E9FAE90184E61B41D6AD8 /* CDVLocation.m in Sources */,
				20BA176D787245299045D76F /* CDVGlobalization.m in Sources */,
				E9C6444B455644FC91A0B295 /* CDVInAppBrowser.m in Sources */,
				948B900AEF01426FA0AEA374 /* CDVSound.m in Sources */,
				F3AA819126A5403DAC21086F /* CDVCapture.m in Sources */,
				4CE2B0935E59495D9BACE596 /* CDVConnection.m in Sources */,
				791B480729794D64AA60E112 /* CDVReachability.m in Sources */,
				15CF4DEB15B44CCF866D7076 /* CDVSplashScreen.m in Sources */,
				4D8461BA9A52488C8FD5BB5F /* CDVViewController+SplashScreen.m in Sources */,
				A35815870E2745BFA35B31AC /* CDVStatusBar.m in Sources */,
				937C2ACCE8014301B15A3BFC /* CDVVibration.m in Sources */,
				03CB291DCED14F81BD662A02 /* CDVFile.m in Sources */,
				1C46E015C1FE49008FCE9752 /* CDVLocalFilesystem.m in Sources */,
				3561858663C04B7399CC48D3 /* CDVAssetLibraryFilesystem.m in Sources */,
			);
			runOnlyForDeploymentPostprocessing = 0;
		};
/* End PBXSourcesBuildPhase section */

/* Begin PBXTargetDependency section */
		301BF551109A68C00062928A /* PBXTargetDependency */ = {
			isa = PBXTargetDependency;
			name = CordovaLib;
			targetProxy = 301BF550109A68C00062928A /* PBXContainerItemProxy */;
		};
/* End PBXTargetDependency section */

/* Begin XCBuildConfiguration section */
		1D6058940D05DD3E006BFB54 /* Debug */ = {
			isa = XCBuildConfiguration;
			baseConfigurationReference = 3047A50F1AB8059700498E2A /* build-debug.xcconfig */;
			buildSettings = {
				ALWAYS_SEARCH_USER_PATHS = NO;
				ASSETCATALOG_COMPILER_APPICON_NAME = AppIcon;
				ASSETCATALOG_COMPILER_LAUNCHIMAGE_NAME = LaunchImage;
				CLANG_ENABLE_MODULES = YES;
				CLANG_ENABLE_OBJC_ARC = YES;
				COPY_PHASE_STRIP = NO;
				GCC_DYNAMIC_NO_PIC = NO;
				GCC_OPTIMIZATION_LEVEL = 0;
				GCC_PRECOMPILE_PREFIX_HEADER = YES;
				GCC_PREFIX_HEADER = "Mooona/Mooona-Prefix.pch";
				GCC_THUMB_SUPPORT = NO;
				GCC_VERSION = "";
				INFOPLIST_FILE = "Mooona/Mooona-Info.plist";
				LD_RUNPATH_SEARCH_PATHS = "@executable_path/Frameworks";
				PRODUCT_NAME = "Mooona";
			};
			name = Debug;
		};
		1D6058950D05DD3E006BFB54 /* Release */ = {
			isa = XCBuildConfiguration;
			baseConfigurationReference = 3047A5101AB8059700498E2A /* build-release.xcconfig */;
			buildSettings = {
				ALWAYS_SEARCH_USER_PATHS = NO;
				ASSETCATALOG_COMPILER_APPICON_NAME = AppIcon;
				ASSETCATALOG_COMPILER_LAUNCHIMAGE_NAME = LaunchImage;
				CLANG_ENABLE_MODULES = YES;
				CLANG_ENABLE_OBJC_ARC = YES;
				COPY_PHASE_STRIP = YES;
				GCC_PRECOMPILE_PREFIX_HEADER = YES;
				GCC_PREFIX_HEADER = "Mooona/Mooona-Prefix.pch";
				GCC_THUMB_SUPPORT = NO;
				GCC_VERSION = "";
				INFOPLIST_FILE = "Mooona/Mooona-Info.plist";
				PRODUCT_NAME = "Mooona";
			};
			name = Release;
		};
		C01FCF4F08A954540054247B /* Debug */ = {
			isa = XCBuildConfiguration;
			baseConfigurationReference = 3047A5111AB8059700498E2A /* build.xcconfig */;
			buildSettings = {
				CLANG_ENABLE_MODULES = YES;
				CLANG_ENABLE_OBJC_ARC = YES;
				CLANG_WARN_BOOL_CONVERSION = YES;
				CLANG_WARN_CONSTANT_CONVERSION = YES;
				CLANG_WARN_EMPTY_BODY = YES;
				CLANG_WARN_ENUM_CONVERSION = YES;
				CLANG_WARN_INT_CONVERSION = YES;
				CLANG_WARN__DUPLICATE_METHOD_MATCH = YES;
				GCC_C_LANGUAGE_STANDARD = c99;
				GCC_THUMB_SUPPORT = NO;
				GCC_VERSION = "";
				GCC_WARN_ABOUT_RETURN_TYPE = YES;
				GCC_WARN_UNDECLARED_SELECTOR = YES;
				GCC_WARN_UNINITIALIZED_AUTOS = YES;
				GCC_WARN_UNUSED_FUNCTION = YES;
				GCC_WARN_UNUSED_VARIABLE = YES;
				ONLY_ACTIVE_ARCH = YES;
				SDKROOT = iphoneos;
				SKIP_INSTALL = NO;
				PRODUCT_NAME = "Mooona";
			};
			name = Debug;
		};
		C01FCF5008A954540054247B /* Release */ = {
			isa = XCBuildConfiguration;
			baseConfigurationReference = 3047A5111AB8059700498E2A /* build.xcconfig */;
			buildSettings = {
				CLANG_ENABLE_MODULES = YES;
				CLANG_ENABLE_OBJC_ARC = YES;
				CLANG_WARN_BOOL_CONVERSION = YES;
				CLANG_WARN_CONSTANT_CONVERSION = YES;
				CLANG_WARN_EMPTY_BODY = YES;
				CLANG_WARN_ENUM_CONVERSION = YES;
				CLANG_WARN_INT_CONVERSION = YES;
				CLANG_WARN__DUPLICATE_METHOD_MATCH = YES;
				GCC_C_LANGUAGE_STANDARD = c99;
				GCC_THUMB_SUPPORT = NO;
				GCC_VERSION = "";
				GCC_WARN_ABOUT_RETURN_TYPE = YES;
				GCC_WARN_UNDECLARED_SELECTOR = YES;
				GCC_WARN_UNINITIALIZED_AUTOS = YES;
				GCC_WARN_UNUSED_FUNCTION = YES;
				GCC_WARN_UNUSED_VARIABLE = YES;
				SDKROOT = iphoneos;
				SKIP_INSTALL = NO;
				PRODUCT_NAME = "Mooona";
			};
			name = Release;
		};
/* End XCBuildConfiguration section */

/* Begin XCConfigurationList section */
		1D6058960D05DD3E006BFB54 /* Build configuration list for PBXNativeTarget "Mooona" */ = {
			isa = XCConfigurationList;
			buildConfigurations = (
				1D6058940D05DD3E006BFB54 /* Debug */,
				1D6058950D05DD3E006BFB54 /* Release */,
			);
			defaultConfigurationIsVisible = 0;
			defaultConfigurationName = Release;
		};
		C01FCF4E08A954540054247B /* Build configuration list for PBXProject "__NON-CLI__" */ = {
			isa = XCConfigurationList;
			buildConfigurations = (
				C01FCF4F08A954540054247B /* Debug */,
				C01FCF5008A954540054247B /* Release */,
			);
			defaultConfigurationIsVisible = 0;
			defaultConfigurationName = Release;
		};
/* End XCConfigurationList section */
	};
	rootObject = 29B97313FDCFA39411CA2CEA /* Project object */;
}
