// !$*UTF8*$!
{
	archiveVersion = 1;
	classes = {
	};
	objectVersion = 46;
	objects = {
/* Begin PBXBuildFile section */
		0207DA581B56EA530066E2B4 /* Images.xcassets in Resources */ = {isa = PBXBuildFile; fileRef = 0207DA571B56EA530066E2B4 /* Images.xcassets */; };
		1D3623260D0F684500981E51 /* AppDelegate.m in Sources */ = {isa = PBXBuildFile; fileRef = 1D3623250D0F684500981E51 /* AppDelegate.m */; };
		1D60589B0D05DD56006BFB54 /* main.m in Sources */ = {isa = PBXBuildFile; fileRef = 29B97316FDCFA39411CA2CEA /* main.m */; };
		301BF552109A68D80062928A /* libCordova.a in Frameworks */ = {isa = PBXBuildFile; fileRef = 301BF535109A57CC0062928A /* libCordova.a */; };
		302D95F114D2391D003F00A1 /* MainViewController.m in Sources */ = {isa = PBXBuildFile; fileRef = 302D95EF14D2391D003F00A1 /* MainViewController.m */; };
		302D95F214D2391D003F00A1 /* MainViewController.xib in Resources */ = {isa = PBXBuildFile; fileRef = 302D95F014D2391D003F00A1 /* MainViewController.xib */; };
		3047A5121AB8059700498E2A /* build-debug.xcconfig in Resources */ = {isa = PBXBuildFile; fileRef = 3047A50F1AB8059700498E2A /* build-debug.xcconfig */; };
		3047A5131AB8059700498E2A /* build-release.xcconfig in Resources */ = {isa = PBXBuildFile; fileRef = 3047A5101AB8059700498E2A /* build-release.xcconfig */; };
		3047A5141AB8059700498E2A /* build.xcconfig in Resources */ = {isa = PBXBuildFile; fileRef = 3047A5111AB8059700498E2A /* build.xcconfig */; };
		72F18749968140E6BBD20FAD /* CDVBattery.m in Sources */ = {isa = PBXBuildFile; fileRef = AD8BF776D55A40F1A33A3065 /* CDVBattery.m */; };
		782A94F3775946AAA68FDCCA /* UIImage+CropScaleOrientation.m in Sources */ = {isa = PBXBuildFile; fileRef = 5DCC30CDDBBE4315B4B46521 /* UIImage+CropScaleOrientation.m */; };
		B2846598E38A476B84A30C0D /* CDVCamera.m in Sources */ = {isa = PBXBuildFile; fileRef = 17752A762EE14C5EA999194A /* CDVCamera.m */; };
		F7A626F7E7FA48CA9C2FF8BB /* CDVJpegHeaderWriter.m in Sources */ = {isa = PBXBuildFile; fileRef = E6229C47F4C4478492375F10 /* CDVJpegHeaderWriter.m */; };
		8B4ACAE3C8C1436CA0A81E23 /* ImageIO.framework in Frameworks */ = {isa = PBXBuildFile; fileRef = E49E6572D02B46C393E6DFE1 /* ImageIO.framework */; settings = {ATTRIBUTES = (Weak, ); }; };
		6054FA7D6B8F44DC9A707137 /* CoreLocation.framework in Frameworks */ = {isa = PBXBuildFile; fileRef = 3F704494ACED4D04AADDD29F /* CoreLocation.framework */; };
		CCC37D2E1F384F1599B9FF9E /* AVFoundation.framework in Frameworks */ = {isa = PBXBuildFile; fileRef = 06309799F57840E39C0C96B6 /* AVFoundation.framework */; };
		08A293A1EF83442F89114704 /* CDVLogger.m in Sources */ = {isa = PBXBuildFile; fileRef = 8A720E6C6CD2401E87CA6780 /* CDVLogger.m */; };
		601180E14FD24D1FB4E03D17 /* CDVContacts.m in Sources */ = {isa = PBXBuildFile; fileRef = 67E4DE0337DB4C478B3FE887 /* CDVContacts.m */; };
		0952FA7E5AAA4D299DF230B9 /* CDVContact.m in Sources */ = {isa = PBXBuildFile; fileRef = 68EDEAF7D30741469182628A /* CDVContact.m */; };
		222B17B4D652454BBC476987 /* AddressBook.framework in Frameworks */ = {isa = PBXBuildFile; fileRef = 178B87B5B7F84F32B962AA36 /* AddressBook.framework */; settings = {ATTRIBUTES = (Weak, ); }; };
		DC8CF0827C7F46EC91B29446 /* AddressBookUI.framework in Frameworks */ = {isa = PBXBuildFile; fileRef = FEC1EEA59E944EEB9B169608 /* AddressBookUI.framework */; settings = {ATTRIBUTES = (Weak, ); }; };
		8ED68B38CF654FA58B42DDEF /* CDVDevice.m in Sources */ = {isa = PBXBuildFile; fileRef = 32150975866641939EB0B3B2 /* CDVDevice.m */; };
		30EFCB9BFFC347A9AFC7A20A /* CDVAccelerometer.m in Sources */ = {isa = PBXBuildFile; fileRef = FF50261275C04687BD4BE1AE /* CDVAccelerometer.m */; };
		901982713FDB4B18AEFFAC30 /* CoreMotion.framework in Frameworks */ = {isa = PBXBuildFile; fileRef = 376EB192C59C46D79DF092C4 /* CoreMotion.framework */; };
		A9E76A193D294C2EB4FFDB90 /* CDVCompass.m in Sources */ = {isa = PBXBuildFile; fileRef = 875761C0E48E48A690AD87C3 /* CDVCompass.m */; };
		BAA36489C0AC4C2D8835CB84 /* CDVNotification.m in Sources */ = {isa = PBXBuildFile; fileRef = BA69E77D27F34037892E68EF /* CDVNotification.m */; };
		D50524AC3A5C4A82AE35D630 /* CDVNotification.bundle in Resources */ = {isa = PBXBuildFile; fileRef = D79C5D43779E454FADA18326 /* CDVNotification.bundle */; };
		CF70E54682EF40F1B9E6805B /* AudioToolbox.framework in Frameworks */ = {isa = PBXBuildFile; fileRef = ED95EAE5E42748E495B14003 /* AudioToolbox.framework */; settings = {ATTRIBUTES = (Weak, ); }; };
		A2D271DAE0B2498D839E8B2B /* CDVFileTransfer.m in Sources */ = {isa = PBXBuildFile; fileRef = 799D590ED2ED465EB09C923A /* CDVFileTransfer.m */; };
		D70809AB60C346FAB2B8C5EF /* CDVLocation.m in Sources */ = {isa = PBXBuildFile; fileRef = 826AE3679DD843D1A66154DF /* CDVLocation.m */; };
		3E16489CD3B64F60AE506593 /* CDVGlobalization.m in Sources */ = {isa = PBXBuildFile; fileRef = 3E03EE08450248498C5FEE7B /* CDVGlobalization.m */; };
		16EE5A87F63141F580972E21 /* CDVInAppBrowser.m in Sources */ = {isa = PBXBuildFile; fileRef = 8AAE9097886D4A3AA1681A4E /* CDVInAppBrowser.m */; };
		C1E7D8FCCDD04829B27B3CE3 /* CDVSound.m in Sources */ = {isa = PBXBuildFile; fileRef = 1A813844D7004A2BB3B82282 /* CDVSound.m */; };
		D2FF6249C2B94C5D84173790 /* CDVCapture.m in Sources */ = {isa = PBXBuildFile; fileRef = 68C0CA479EE141568AC2FBF9 /* CDVCapture.m */; };
		7005F31CA8E040FDACA9929A /* CDVCapture.bundle in Resources */ = {isa = PBXBuildFile; fileRef = 105051A372674BF987EBEA66 /* CDVCapture.bundle */; };
		B74D4DC28205471DA5A32949 /* CDVConnection.m in Sources */ = {isa = PBXBuildFile; fileRef = 75FF794EDF76471499F9687A /* CDVConnection.m */; };
		C3A19C85A12A45F0BE6A5580 /* CDVReachability.m in Sources */ = {isa = PBXBuildFile; fileRef = 8BFFA331B726452EA782DA41 /* CDVReachability.m */; };
		E3E1AA7809B44B4C8DF0656C /* SystemConfiguration.framework in Frameworks */ = {isa = PBXBuildFile; fileRef = 302C0FA7E6F14A2BB8ABC341 /* SystemConfiguration.framework */; settings = {ATTRIBUTES = (Weak, ); }; };
		D3D012294EC7488C978C3C35 /* CoreTelephony.framework in Frameworks */ = {isa = PBXBuildFile; fileRef = 3C7262A352204383BD17565D /* CoreTelephony.framework */; };
		183916C7087B4AC6A10C937F /* CDVSplashScreen.m in Sources */ = {isa = PBXBuildFile; fileRef = 98DF321E88C84528A7B6B381 /* CDVSplashScreen.m */; };
		639AB1CBD5824DE6BA68D331 /* CDVViewController+SplashScreen.m in Sources */ = {isa = PBXBuildFile; fileRef = B248CD63989B4780A8366C27 /* CDVViewController+SplashScreen.m */; };
		BF47CA335E0147C8A7B1EFCA /* CDVStatusBar.m in Sources */ = {isa = PBXBuildFile; fileRef = 23D25FE102B94296A73BE293 /* CDVStatusBar.m */; };
		9B03626ECD6048279768D63D /* CDVVibration.m in Sources */ = {isa = PBXBuildFile; fileRef = DE97A452F95746F1A2FCA512 /* CDVVibration.m */; };
		EACB2ABA380A4B75BB485A0B /* CDVFile.m in Sources */ = {isa = PBXBuildFile; fileRef = A05FCFFB89A243EA90E3954B /* CDVFile.m */; };
		F25CED2E68F2439EBD6A2D2C /* CDVLocalFilesystem.m in Sources */ = {isa = PBXBuildFile; fileRef = 3FC55CA53F3C4A60AA410A10 /* CDVLocalFilesystem.m */; };
		D6B6BB9804664488A2E43356 /* CDVAssetLibraryFilesystem.m in Sources */ = {isa = PBXBuildFile; fileRef = A68A59BCC68743D681C5026F /* CDVAssetLibraryFilesystem.m */; };
/* End PBXBuildFile section */

/* Begin PBXContainerItemProxy section */
		301BF534109A57CC0062928A /* PBXContainerItemProxy */ = {
			isa = PBXContainerItemProxy;
			containerPortal = 301BF52D109A57CC0062928A /* CordovaLib.xcodeproj */;
			proxyType = 2;
			remoteGlobalIDString = D2AAC07E0554694100DB518D;
			remoteInfo = CordovaLib;
		};
		301BF550109A68C00062928A /* PBXContainerItemProxy */ = {
			isa = PBXContainerItemProxy;
			containerPortal = 301BF52D109A57CC0062928A /* CordovaLib.xcodeproj */;
			proxyType = 1;
			remoteGlobalIDString = D2AAC07D0554694100DB518D;
			remoteInfo = CordovaLib;
		};
/* End PBXContainerItemProxy section */

/* Begin PBXFileReference section */
		0207DA571B56EA530066E2B4 /* Images.xcassets */ = {isa = PBXFileReference; lastKnownFileType = folder.assetcatalog; name = Images.xcassets; path = "Mooona/Images.xcassets"; sourceTree = SOURCE_ROOT; };
		1D3623240D0F684500981E51 /* AppDelegate.h */ = {isa = PBXFileReference; fileEncoding = 4; lastKnownFileType = sourcecode.c.h; path = AppDelegate.h; sourceTree = "<group>"; };
		1D3623250D0F684500981E51 /* AppDelegate.m */ = {isa = PBXFileReference; fileEncoding = 4; lastKnownFileType = sourcecode.c.objc; path = AppDelegate.m; sourceTree = "<group>"; };
		1D6058910D05DD3D006BFB54 /* Mooona.app */ = {isa = PBXFileReference; explicitFileType = wrapper.application; includeInIndex = 0; path = "Mooona.app"; sourceTree = BUILT_PRODUCTS_DIR; };
		29B97316FDCFA39411CA2CEA /* main.m */ = {isa = PBXFileReference; fileEncoding = 4; lastKnownFileType = sourcecode.c.objc; path = main.m; sourceTree = "<group>"; };
		301BF52D109A57CC0062928A /* CordovaLib.xcodeproj */ = {isa = PBXFileReference; lastKnownFileType = "wrapper.pb-project"; path = CordovaLib.xcodeproj; sourceTree = CORDOVALIB; };
		301BF56E109A69640062928A /* www */ = {isa = PBXFileReference; lastKnownFileType = folder; path = www; sourceTree = SOURCE_ROOT; };
		302D95EE14D2391D003F00A1 /* MainViewController.h */ = {isa = PBXFileReference; fileEncoding = 4; lastKnownFileType = sourcecode.c.h; path = MainViewController.h; sourceTree = "<group>"; };
		302D95EF14D2391D003F00A1 /* MainViewController.m */ = {isa = PBXFileReference; fileEncoding = 4; lastKnownFileType = sourcecode.c.objc; path = MainViewController.m; sourceTree = "<group>"; };
		302D95F014D2391D003F00A1 /* MainViewController.xib */ = {isa = PBXFileReference; fileEncoding = 4; lastKnownFileType = file.xib; path = MainViewController.xib; sourceTree = "<group>"; };
		3047A50F1AB8059700498E2A /* build-debug.xcconfig */ = {isa = PBXFileReference; fileEncoding = 4; lastKnownFileType = text.xcconfig; name = "build-debug.xcconfig"; path = cordova/build-debug.xcconfig; sourceTree = SOURCE_ROOT; };
		3047A5101AB8059700498E2A /* build-release.xcconfig */ = {isa = PBXFileReference; fileEncoding = 4; lastKnownFileType = text.xcconfig; name = "build-release.xcconfig"; path = cordova/build-release.xcconfig; sourceTree = SOURCE_ROOT; };
		3047A5111AB8059700498E2A /* build.xcconfig */ = {isa = PBXFileReference; fileEncoding = 4; lastKnownFileType = text.xcconfig; name = build.xcconfig; path = cordova/build.xcconfig; sourceTree = SOURCE_ROOT; };
		32CA4F630368D1EE00C91783 /* Mooona-Prefix.pch */ = {isa = PBXFileReference; fileEncoding = 4; lastKnownFileType = sourcecode.c.h; path = "Mooona-Prefix.pch"; sourceTree = "<group>"; };
		8D1107310486CEB800E47090 /* Mooona-Info.plist */ = {isa = PBXFileReference; fileEncoding = 4; lastKnownFileType = text.plist.xml; name = "Mooona-Info.plist"; path = "Mooona/Mooona-Info.plist"; plistStructureDefinitionIdentifier = "com.apple.xcode.plist.structure-definition.iphone.info-plist"; sourceTree = SOURCE_ROOT; };
		EB87FDF31871DA8E0020F90C /* www */ = {isa = PBXFileReference; lastKnownFileType = folder; name = www; path = ../../www; sourceTree = "<group>"; };
		EB87FDF41871DAF40020F90C /* config.xml */ = {isa = PBXFileReference; lastKnownFileType = text.xml; name = config.xml; path = ../../config.xml; sourceTree = "<group>"; };
		F840E1F0165FE0F500CFE078 /* config.xml */ = {isa = PBXFileReference; lastKnownFileType = text.xml; name = config.xml; path = "Mooona/config.xml"; sourceTree = "<group>"; };
		ED33DF2A687741AEAF9F8254 /* Bridging-Header.h */ = {isa = PBXFileReference; fileEncoding = 4; lastKnownFileType = sourcecode.c.h; name = "Bridging-Header.h"; path = "Bridging-Header.h"; sourceTree = "<group>"; };
		AD8BF776D55A40F1A33A3065 /* CDVBattery.m */ = {isa = PBXFileReference; name = "CDVBattery.m"; path = "cordova-plugin-battery-status/CDVBattery.m"; sourceTree = "<group>"; fileEncoding = 4; lastKnownFileType = sourcecode.c.objc; explicitFileType = undefined; includeInIndex = 0; };
		95B88DD8E49741C198BEFEA0 /* CDVBattery.h */ = {isa = PBXFileReference; name = "CDVBattery.h"; path = "cordova-plugin-battery-status/CDVBattery.h"; sourceTree = "<group>"; fileEncoding = 4; lastKnownFileType = sourcecode.c.h; explicitFileType = undefined; includeInIndex = 0; };
		5DCC30CDDBBE4315B4B46521 /* UIImage+CropScaleOrientation.m */ = {isa = PBXFileReference; name = "UIImage+CropScaleOrientation.m"; path = "cordova-plugin-camera/UIImage+CropScaleOrientation.m"; sourceTree = "<group>"; fileEncoding = 4; lastKnownFileType = sourcecode.c.objc; explicitFileType = undefined; includeInIndex = 0; };
		17752A762EE14C5EA999194A /* CDVCamera.m */ = {isa = PBXFileReference; name = "CDVCamera.m"; path = "cordova-plugin-camera/CDVCamera.m"; sourceTree = "<group>"; fileEncoding = 4; lastKnownFileType = sourcecode.c.objc; explicitFileType = undefined; includeInIndex = 0; };
		E6229C47F4C4478492375F10 /* CDVJpegHeaderWriter.m */ = {isa = PBXFileReference; name = "CDVJpegHeaderWriter.m"; path = "cordova-plugin-camera/CDVJpegHeaderWriter.m"; sourceTree = "<group>"; fileEncoding = 4; lastKnownFileType = sourcecode.c.objc; explicitFileType = undefined; includeInIndex = 0; };
		2F5A3FD2A05C40F7B1A897AB /* UIImage+CropScaleOrientation.h */ = {isa = PBXFileReference; name = "UIImage+CropScaleOrientation.h"; path = "cordova-plugin-camera/UIImage+CropScaleOrientation.h"; sourceTree = "<group>"; fileEncoding = 4; lastKnownFileType = sourcecode.c.h; explicitFileType = undefined; includeInIndex = 0; };
		A137F7C710A94B02A5511C63 /* CDVCamera.h */ = {isa = PBXFileReference; name = "CDVCamera.h"; path = "cordova-plugin-camera/CDVCamera.h"; sourceTree = "<group>"; fileEncoding = 4; lastKnownFileType = sourcecode.c.h; explicitFileType = undefined; includeInIndex = 0; };
		54EE4C1957834925B12C6C07 /* CDVJpegHeaderWriter.h */ = {isa = PBXFileReference; name = "CDVJpegHeaderWriter.h"; path = "cordova-plugin-camera/CDVJpegHeaderWriter.h"; sourceTree = "<group>"; fileEncoding = 4; lastKnownFileType = sourcecode.c.h; explicitFileType = undefined; includeInIndex = 0; };
		5490CFD71F164B2DB14A7CB2 /* CDVExif.h */ = {isa = PBXFileReference; name = "CDVExif.h"; path = "cordova-plugin-camera/CDVExif.h"; sourceTree = "<group>"; fileEncoding = 4; lastKnownFileType = sourcecode.c.h; explicitFileType = undefined; includeInIndex = 0; };
		E49E6572D02B46C393E6DFE1 /* ImageIO.framework */ = {isa = PBXFileReference; name = "ImageIO.framework"; path = "System/Library/Frameworks/ImageIO.framework"; sourceTree = SDKROOT; fileEncoding = undefined; lastKnownFileType = wrapper.framework; explicitFileType = undefined; includeInIndex = 0; };
		3F704494ACED4D04AADDD29F /* CoreLocation.framework */ = {isa = PBXFileReference; name = "CoreLocation.framework"; path = "System/Library/Frameworks/CoreLocation.framework"; sourceTree = SDKROOT; fileEncoding = undefined; lastKnownFileType = wrapper.framework; explicitFileType = undefined; includeInIndex = 0; };
		06309799F57840E39C0C96B6 /* AVFoundation.framework */ = {isa = PBXFileReference; name = "AVFoundation.framework"; path = "System/Library/Frameworks/AVFoundation.framework"; sourceTree = SDKROOT; fileEncoding = undefined; lastKnownFileType = wrapper.framework; explicitFileType = undefined; includeInIndex = 0; };
		8A720E6C6CD2401E87CA6780 /* CDVLogger.m */ = {isa = PBXFileReference; name = "CDVLogger.m"; path = "cordova-plugin-console/CDVLogger.m"; sourceTree = "<group>"; fileEncoding = 4; lastKnownFileType = sourcecode.c.objc; explicitFileType = undefined; includeInIndex = 0; };
		4390277F05844C06B196C99A /* CDVLogger.h */ = {isa = PBXFileReference; name = "CDVLogger.h"; path = "cordova-plugin-console/CDVLogger.h"; sourceTree = "<group>"; fileEncoding = 4; lastKnownFileType = sourcecode.c.h; explicitFileType = undefined; includeInIndex = 0; };
		67E4DE0337DB4C478B3FE887 /* CDVContacts.m */ = {isa = PBXFileReference; name = "CDVContacts.m"; path = "cordova-plugin-contacts/CDVContacts.m"; sourceTree = "<group>"; fileEncoding = 4; lastKnownFileType = sourcecode.c.objc; explicitFileType = undefined; includeInIndex = 0; };
		68EDEAF7D30741469182628A /* CDVContact.m */ = {isa = PBXFileReference; name = "CDVContact.m"; path = "cordova-plugin-contacts/CDVContact.m"; sourceTree = "<group>"; fileEncoding = 4; lastKnownFileType = sourcecode.c.objc; explicitFileType = undefined; includeInIndex = 0; };
		7B8FD29809564850A0F61811 /* CDVContacts.h */ = {isa = PBXFileReference; name = "CDVContacts.h"; path = "cordova-plugin-contacts/CDVContacts.h"; sourceTree = "<group>"; fileEncoding = 4; lastKnownFileType = sourcecode.c.h; explicitFileType = undefined; includeInIndex = 0; };
		4DFEBF8F1A28495D86B037A8 /* CDVContact.h */ = {isa = PBXFileReference; name = "CDVContact.h"; path = "cordova-plugin-contacts/CDVContact.h"; sourceTree = "<group>"; fileEncoding = 4; lastKnownFileType = sourcecode.c.h; explicitFileType = undefined; includeInIndex = 0; };
		178B87B5B7F84F32B962AA36 /* AddressBook.framework */ = {isa = PBXFileReference; name = "AddressBook.framework"; path = "System/Library/Frameworks/AddressBook.framework"; sourceTree = SDKROOT; fileEncoding = undefined; lastKnownFileType = wrapper.framework; explicitFileType = undefined; includeInIndex = 0; };
		FEC1EEA59E944EEB9B169608 /* AddressBookUI.framework */ = {isa = PBXFileReference; name = "AddressBookUI.framework"; path = "System/Library/Frameworks/AddressBookUI.framework"; sourceTree = SDKROOT; fileEncoding = undefined; lastKnownFileType = wrapper.framework; explicitFileType = undefined; includeInIndex = 0; };
		32150975866641939EB0B3B2 /* CDVDevice.m */ = {isa = PBXFileReference; name = "CDVDevice.m"; path = "cordova-plugin-device/CDVDevice.m"; sourceTree = "<group>"; fileEncoding = 4; lastKnownFileType = sourcecode.c.objc; explicitFileType = undefined; includeInIndex = 0; };
		D6A678D83FD14ABDB9FBD969 /* CDVDevice.h */ = {isa = PBXFileReference; name = "CDVDevice.h"; path = "cordova-plugin-device/CDVDevice.h"; sourceTree = "<group>"; fileEncoding = 4; lastKnownFileType = sourcecode.c.h; explicitFileType = undefined; includeInIndex = 0; };
		FF50261275C04687BD4BE1AE /* CDVAccelerometer.m */ = {isa = PBXFileReference; name = "CDVAccelerometer.m"; path = "cordova-plugin-device-motion/CDVAccelerometer.m"; sourceTree = "<group>"; fileEncoding = 4; lastKnownFileType = sourcecode.c.objc; explicitFileType = undefined; includeInIndex = 0; };
		10C3C59D2FAC40318C1D82D9 /* CDVAccelerometer.h */ = {isa = PBXFileReference; name = "CDVAccelerometer.h"; path = "cordova-plugin-device-motion/CDVAccelerometer.h"; sourceTree = "<group>"; fileEncoding = 4; lastKnownFileType = sourcecode.c.h; explicitFileType = undefined; includeInIndex = 0; };
		376EB192C59C46D79DF092C4 /* CoreMotion.framework */ = {isa = PBXFileReference; name = "CoreMotion.framework"; path = "System/Library/Frameworks/CoreMotion.framework"; sourceTree = SDKROOT; fileEncoding = undefined; lastKnownFileType = wrapper.framework; explicitFileType = undefined; includeInIndex = 0; };
		875761C0E48E48A690AD87C3 /* CDVCompass.m */ = {isa = PBXFileReference; name = "CDVCompass.m"; path = "cordova-plugin-device-orientation/CDVCompass.m"; sourceTree = "<group>"; fileEncoding = 4; lastKnownFileType = sourcecode.c.objc; explicitFileType = undefined; includeInIndex = 0; };
		72B3555D5AB2407A93FBD3DE /* CDVCompass.h */ = {isa = PBXFileReference; name = "CDVCompass.h"; path = "cordova-plugin-device-orientation/CDVCompass.h"; sourceTree = "<group>"; fileEncoding = 4; lastKnownFileType = sourcecode.c.h; explicitFileType = undefined; includeInIndex = 0; };
		BA69E77D27F34037892E68EF /* CDVNotification.m */ = {isa = PBXFileReference; name = "CDVNotification.m"; path = "cordova-plugin-dialogs/CDVNotification.m"; sourceTree = "<group>"; fileEncoding = 4; lastKnownFileType = sourcecode.c.objc; explicitFileType = undefined; includeInIndex = 0; };
		75C2141F533249228027710D /* CDVNotification.h */ = {isa = PBXFileReference; name = "CDVNotification.h"; path = "cordova-plugin-dialogs/CDVNotification.h"; sourceTree = "<group>"; fileEncoding = 4; lastKnownFileType = sourcecode.c.h; explicitFileType = undefined; includeInIndex = 0; };
		D79C5D43779E454FADA18326 /* CDVNotification.bundle */ = {isa = PBXFileReference; name = "CDVNotification.bundle"; path = "CDVNotification.bundle"; sourceTree = "<group>"; fileEncoding = undefined; lastKnownFileType = wrapper.plug-in; explicitFileType = undefined; includeInIndex = 0; };
		ED95EAE5E42748E495B14003 /* AudioToolbox.framework */ = {isa = PBXFileReference; name = "AudioToolbox.framework"; path = "System/Library/Frameworks/AudioToolbox.framework"; sourceTree = SDKROOT; fileEncoding = undefined; lastKnownFileType = wrapper.framework; explicitFileType = undefined; includeInIndex = 0; };
		799D590ED2ED465EB09C923A /* CDVFileTransfer.m */ = {isa = PBXFileReference; name = "CDVFileTransfer.m"; path = "cordova-plugin-file-transfer/CDVFileTransfer.m"; sourceTree = "<group>"; fileEncoding = 4; lastKnownFileType = sourcecode.c.objc; explicitFileType = undefined; includeInIndex = 0; };
		BD2C33CDD46F4ACEA6D3F21C /* CDVFileTransfer.h */ = {isa = PBXFileReference; name = "CDVFileTransfer.h"; path = "cordova-plugin-file-transfer/CDVFileTransfer.h"; sourceTree = "<group>"; fileEncoding = 4; lastKnownFileType = sourcecode.c.h; explicitFileType = undefined; includeInIndex = 0; };
		826AE3679DD843D1A66154DF /* CDVLocation.m */ = {isa = PBXFileReference; name = "CDVLocation.m"; path = "cordova-plugin-geolocation/CDVLocation.m"; sourceTree = "<group>"; fileEncoding = 4; lastKnownFileType = sourcecode.c.objc; explicitFileType = undefined; includeInIndex = 0; };
		197F8AB78B674548BE6905BD /* CDVLocation.h */ = {isa = PBXFileReference; name = "CDVLocation.h"; path = "cordova-plugin-geolocation/CDVLocation.h"; sourceTree = "<group>"; fileEncoding = 4; lastKnownFileType = sourcecode.c.h; explicitFileType = undefined; includeInIndex = 0; };
		3E03EE08450248498C5FEE7B /* CDVGlobalization.m */ = {isa = PBXFileReference; name = "CDVGlobalization.m"; path = "cordova-plugin-globalization/CDVGlobalization.m"; sourceTree = "<group>"; fileEncoding = 4; lastKnownFileType = sourcecode.c.objc; explicitFileType = undefined; includeInIndex = 0; };
		31A06F98C0E24345ADC0B6EE /* CDVGlobalization.h */ = {isa = PBXFileReference; name = "CDVGlobalization.h"; path = "cordova-plugin-globalization/CDVGlobalization.h"; sourceTree = "<group>"; fileEncoding = 4; lastKnownFileType = sourcecode.c.h; explicitFileType = undefined; includeInIndex = 0; };
		8AAE9097886D4A3AA1681A4E /* CDVInAppBrowser.m */ = {isa = PBXFileReference; name = "CDVInAppBrowser.m"; path = "cordova-plugin-inappbrowser/CDVInAppBrowser.m"; sourceTree = "<group>"; fileEncoding = 4; lastKnownFileType = sourcecode.c.objc; explicitFileType = undefined; includeInIndex = 0; };
		43B0F993844C4B06B5E9F49C /* CDVInAppBrowser.h */ = {isa = PBXFileReference; name = "CDVInAppBrowser.h"; path = "cordova-plugin-inappbrowser/CDVInAppBrowser.h"; sourceTree = "<group>"; fileEncoding = 4; lastKnownFileType = sourcecode.c.h; explicitFileType = undefined; includeInIndex = 0; };
		1A813844D7004A2BB3B82282 /* CDVSound.m */ = {isa = PBXFileReference; name = "CDVSound.m"; path = "cordova-plugin-media/CDVSound.m"; sourceTree = "<group>"; fileEncoding = 4; lastKnownFileType = sourcecode.c.objc; explicitFileType = undefined; includeInIndex = 0; };
		4338CFE8C5134CBA85717EEC /* CDVSound.h */ = {isa = PBXFileReference; name = "CDVSound.h"; path = "cordova-plugin-media/CDVSound.h"; sourceTree = "<group>"; fileEncoding = 4; lastKnownFileType = sourcecode.c.h; explicitFileType = undefined; includeInIndex = 0; };
		68C0CA479EE141568AC2FBF9 /* CDVCapture.m */ = {isa = PBXFileReference; name = "CDVCapture.m"; path = "cordova-plugin-media-capture/CDVCapture.m"; sourceTree = "<group>"; fileEncoding = 4; lastKnownFileType = sourcecode.c.objc; explicitFileType = undefined; includeInIndex = 0; };
		F7EE895407234E9FBDB012E4 /* CDVCapture.h */ = {isa = PBXFileReference; name = "CDVCapture.h"; path = "cordova-plugin-media-capture/CDVCapture.h"; sourceTree = "<group>"; fileEncoding = 4; lastKnownFileType = sourcecode.c.h; explicitFileType = undefined; includeInIndex = 0; };
		105051A372674BF987EBEA66 /* CDVCapture.bundle */ = {isa = PBXFileReference; name = "CDVCapture.bundle"; path = "CDVCapture.bundle"; sourceTree = "<group>"; fileEncoding = undefined; lastKnownFileType = wrapper.plug-in; explicitFileType = undefined; includeInIndex = 0; };
		75FF794EDF76471499F9687A /* CDVConnection.m */ = {isa = PBXFileReference; name = "CDVConnection.m"; path = "cordova-plugin-network-information/CDVConnection.m"; sourceTree = "<group>"; fileEncoding = 4; lastKnownFileType = sourcecode.c.objc; explicitFileType = undefined; includeInIndex = 0; };
		8BFFA331B726452EA782DA41 /* CDVReachability.m */ = {isa = PBXFileReference; name = "CDVReachability.m"; path = "cordova-plugin-network-information/CDVReachability.m"; sourceTree = "<group>"; fileEncoding = 4; lastKnownFileType = sourcecode.c.objc; explicitFileType = undefined; includeInIndex = 0; };
		BF7E5C5EEAC1488695555B78 /* CDVConnection.h */ = {isa = PBXFileReference; name = "CDVConnection.h"; path = "cordova-plugin-network-information/CDVConnection.h"; sourceTree = "<group>"; fileEncoding = 4; lastKnownFileType = sourcecode.c.h; explicitFileType = undefined; includeInIndex = 0; };
		306F593E7D3C4D84BE873C09 /* CDVReachability.h */ = {isa = PBXFileReference; name = "CDVReachability.h"; path = "cordova-plugin-network-information/CDVReachability.h"; sourceTree = "<group>"; fileEncoding = 4; lastKnownFileType = sourcecode.c.h; explicitFileType = undefined; includeInIndex = 0; };
		302C0FA7E6F14A2BB8ABC341 /* SystemConfiguration.framework */ = {isa = PBXFileReference; name = "SystemConfiguration.framework"; path = "System/Library/Frameworks/SystemConfiguration.framework"; sourceTree = SDKROOT; fileEncoding = undefined; lastKnownFileType = wrapper.framework; explicitFileType = undefined; includeInIndex = 0; };
		3C7262A352204383BD17565D /* CoreTelephony.framework */ = {isa = PBXFileReference; name = "CoreTelephony.framework"; path = "System/Library/Frameworks/CoreTelephony.framework"; sourceTree = SDKROOT; fileEncoding = undefined; lastKnownFileType = wrapper.framework; explicitFileType = undefined; includeInIndex = 0; };
		98DF321E88C84528A7B6B381 /* CDVSplashScreen.m */ = {isa = PBXFileReference; name = "CDVSplashScreen.m"; path = "cordova-plugin-splashscreen/CDVSplashScreen.m"; sourceTree = "<group>"; fileEncoding = 4; lastKnownFileType = sourcecode.c.objc; explicitFileType = undefined; includeInIndex = 0; };
		B248CD63989B4780A8366C27 /* CDVViewController+SplashScreen.m */ = {isa = PBXFileReference; name = "CDVViewController+SplashScreen.m"; path = "cordova-plugin-splashscreen/CDVViewController+SplashScreen.m"; sourceTree = "<group>"; fileEncoding = 4; lastKnownFileType = sourcecode.c.objc; explicitFileType = undefined; includeInIndex = 0; };
		BF3AE97ABEFE480A98C6626B /* CDVSplashScreen.h */ = {isa = PBXFileReference; name = "CDVSplashScreen.h"; path = "cordova-plugin-splashscreen/CDVSplashScreen.h"; sourceTree = "<group>"; fileEncoding = 4; lastKnownFileType = sourcecode.c.h; explicitFileType = undefined; includeInIndex = 0; };
		BA076D074296412CB0DC984D /* CDVViewController+SplashScreen.h */ = {isa = PBXFileReference; name = "CDVViewController+SplashScreen.h"; path = "cordova-plugin-splashscreen/CDVViewController+SplashScreen.h"; sourceTree = "<group>"; fileEncoding = 4; lastKnownFileType = sourcecode.c.h; explicitFileType = undefined; includeInIndex = 0; };
		23D25FE102B94296A73BE293 /* CDVStatusBar.m */ = {isa = PBXFileReference; name = "CDVStatusBar.m"; path = "cordova-plugin-statusbar/CDVStatusBar.m"; sourceTree = "<group>"; fileEncoding = 4; lastKnownFileType = sourcecode.c.objc; explicitFileType = undefined; includeInIndex = 0; };
		D561762CED744F998E266EE4 /* CDVStatusBar.h */ = {isa = PBXFileReference; name = "CDVStatusBar.h"; path = "cordova-plugin-statusbar/CDVStatusBar.h"; sourceTree = "<group>"; fileEncoding = 4; lastKnownFileType = sourcecode.c.h; explicitFileType = undefined; includeInIndex = 0; };
		DE97A452F95746F1A2FCA512 /* CDVVibration.m */ = {isa = PBXFileReference; name = "CDVVibration.m"; path = "cordova-plugin-vibration/CDVVibration.m"; sourceTree = "<group>"; fileEncoding = 4; lastKnownFileType = sourcecode.c.objc; explicitFileType = undefined; includeInIndex = 0; };
		03C98658756341C2900EBE12 /* CDVVibration.h */ = {isa = PBXFileReference; name = "CDVVibration.h"; path = "cordova-plugin-vibration/CDVVibration.h"; sourceTree = "<group>"; fileEncoding = 4; lastKnownFileType = sourcecode.c.h; explicitFileType = undefined; includeInIndex = 0; };
		A05FCFFB89A243EA90E3954B /* CDVFile.m */ = {isa = PBXFileReference; name = "CDVFile.m"; path = "cordova-plugin-file/CDVFile.m"; sourceTree = "<group>"; fileEncoding = 4; lastKnownFileType = sourcecode.c.objc; explicitFileType = undefined; includeInIndex = 0; };
		3FC55CA53F3C4A60AA410A10 /* CDVLocalFilesystem.m */ = {isa = PBXFileReference; name = "CDVLocalFilesystem.m"; path = "cordova-plugin-file/CDVLocalFilesystem.m"; sourceTree = "<group>"; fileEncoding = 4; lastKnownFileType = sourcecode.c.objc; explicitFileType = undefined; includeInIndex = 0; };
		A68A59BCC68743D681C5026F /* CDVAssetLibraryFilesystem.m */ = {isa = PBXFileReference; name = "CDVAssetLibraryFilesystem.m"; path = "cordova-plugin-file/CDVAssetLibraryFilesystem.m"; sourceTree = "<group>"; fileEncoding = 4; lastKnownFileType = sourcecode.c.objc; explicitFileType = undefined; includeInIndex = 0; };
		4AA923D91B114CEDAA6B7597 /* CDVFile.h */ = {isa = PBXFileReference; name = "CDVFile.h"; path = "cordova-plugin-file/CDVFile.h"; sourceTree = "<group>"; fileEncoding = 4; lastKnownFileType = sourcecode.c.h; explicitFileType = undefined; includeInIndex = 0; };
		1CB21CB211364D9AB6FE6EB9 /* CDVLocalFilesystem.h */ = {isa = PBXFileReference; name = "CDVLocalFilesystem.h"; path = "cordova-plugin-file/CDVLocalFilesystem.h"; sourceTree = "<group>"; fileEncoding = 4; lastKnownFileType = sourcecode.c.h; explicitFileType = undefined; includeInIndex = 0; };
		C2B55F54D77E4DD2B7761505 /* CDVAssetLibraryFilesystem.h */ = {isa = PBXFileReference; name = "CDVAssetLibraryFilesystem.h"; path = "cordova-plugin-file/CDVAssetLibraryFilesystem.h"; sourceTree = "<group>"; fileEncoding = 4; lastKnownFileType = sourcecode.c.h; explicitFileType = undefined; includeInIndex = 0; };
/* End PBXFileReference section */

/* Begin PBXFrameworksBuildPhase section */
		1D60588F0D05DD3D006BFB54 /* Frameworks */ = {
			isa = PBXFrameworksBuildPhase;
			buildActionMask = 2147483647;
			files = (
				301BF552109A68D80062928A /* libCordova.a in Frameworks */,
				8B4ACAE3C8C1436CA0A81E23 /* ImageIO.framework in Frameworks */,
				6054FA7D6B8F44DC9A707137 /* CoreLocation.framework in Frameworks */,
				CCC37D2E1F384F1599B9FF9E /* AVFoundation.framework in Frameworks */,
				222B17B4D652454BBC476987 /* AddressBook.framework in Frameworks */,
				DC8CF0827C7F46EC91B29446 /* AddressBookUI.framework in Frameworks */,
				901982713FDB4B18AEFFAC30 /* CoreMotion.framework in Frameworks */,
				CF70E54682EF40F1B9E6805B /* AudioToolbox.framework in Frameworks */,
				E3E1AA7809B44B4C8DF0656C /* SystemConfiguration.framework in Frameworks */,
				D3D012294EC7488C978C3C35 /* CoreTelephony.framework in Frameworks */,
			);
			runOnlyForDeploymentPostprocessing = 0;
		};
/* End PBXFrameworksBuildPhase section */

/* Begin PBXGroup section */
		080E96DDFE201D6D7F000001 /* Classes */ = {
			isa = PBXGroup;
			children = (
				302D95EE14D2391D003F00A1 /* MainViewController.h */,
				302D95EF14D2391D003F00A1 /* MainViewController.m */,
				302D95F014D2391D003F00A1 /* MainViewController.xib */,
				1D3623240D0F684500981E51 /* AppDelegate.h */,
				1D3623250D0F684500981E51 /* AppDelegate.m */,
			);
			name = Classes;
			path = "Mooona/Classes";
			sourceTree = SOURCE_ROOT;
		};
		19C28FACFE9D520D11CA2CBB /* Products */ = {
			isa = PBXGroup;
			children = (
				1D6058910D05DD3D006BFB54 /* Mooona.app */,
			);
			name = Products;
			sourceTree = "<group>";
		};
		29B97314FDCFA39411CA2CEA /* CustomTemplate */ = {
			isa = PBXGroup;
			children = (
				EB87FDF41871DAF40020F90C /* config.xml */,
				EB87FDF31871DA8E0020F90C /* www */,
				EB87FDF11871DA420020F90C /* Staging */,
				301BF52D109A57CC0062928A /* CordovaLib.xcodeproj */,
				080E96DDFE201D6D7F000001 /* Classes */,
				307C750510C5A3420062BCA9 /* Plugins */,
				29B97315FDCFA39411CA2CEA /* Other Sources */,
				29B97317FDCFA39411CA2CEA /* Resources */,
				29B97323FDCFA39411CA2CEA /* Frameworks */,
				19C28FACFE9D520D11CA2CBB /* Products */,
			);
			name = CustomTemplate;
			sourceTree = "<group>";
		};
		29B97315FDCFA39411CA2CEA /* Other Sources */ = {
			isa = PBXGroup;
			children = (
				32CA4F630368D1EE00C91783 /* Mooona-Prefix.pch */,
				29B97316FDCFA39411CA2CEA /* main.m */,
				ED33DF2A687741AEAF9F8254 /* Bridging-Header.h */,
			);
			name = "Other Sources";
			path = "Mooona";
			sourceTree = "<group>";
		};
		29B97317FDCFA39411CA2CEA /* Resources */ = {
			isa = PBXGroup;
			children = (
				0207DA571B56EA530066E2B4 /* Images.xcassets */,
				3047A50E1AB8057F00498E2A /* config */,
				8D1107310486CEB800E47090 /* Mooona-Info.plist */,
				D79C5D43779E454FADA18326 /* CDVNotification.bundle */,
				105051A372674BF987EBEA66 /* CDVCapture.bundle */,
			);
			name = Resources;
			path = "Mooona/Resources";
			sourceTree = "<group>";
		};
		29B97323FDCFA39411CA2CEA /* Frameworks */ = {
			isa = PBXGroup;
			children = (
				E49E6572D02B46C393E6DFE1 /* ImageIO.framework */,
				3F704494ACED4D04AADDD29F /* CoreLocation.framework */,
				06309799F57840E39C0C96B6 /* AVFoundation.framework */,
				178B87B5B7F84F32B962AA36 /* AddressBook.framework */,
				FEC1EEA59E944EEB9B169608 /* AddressBookUI.framework */,
				376EB192C59C46D79DF092C4 /* CoreMotion.framework */,
				ED95EAE5E42748E495B14003 /* AudioToolbox.framework */,
				302C0FA7E6F14A2BB8ABC341 /* SystemConfiguration.framework */,
				3C7262A352204383BD17565D /* CoreTelephony.framework */,
			);
			name = Frameworks;
			sourceTree = "<group>";
		};
		301BF52E109A57CC0062928A /* Products */ = {
			isa = PBXGroup;
			children = (
				301BF535109A57CC0062928A /* libCordova.a */,
			);
			name = Products;
			sourceTree = "<group>";
		};
		3047A50E1AB8057F00498E2A /* config */ = {
			isa = PBXGroup;
			children = (
				3047A50F1AB8059700498E2A /* build-debug.xcconfig */,
				3047A5101AB8059700498E2A /* build-release.xcconfig */,
				3047A5111AB8059700498E2A /* build.xcconfig */,
			);
			name = config;
			sourceTree = "<group>";
		};
		307C750510C5A3420062BCA9 /* Plugins */ = {
			isa = PBXGroup;
			children = (
				AD8BF776D55A40F1A33A3065 /* CDVBattery.m */,
				95B88DD8E49741C198BEFEA0 /* CDVBattery.h */,
				5DCC30CDDBBE4315B4B46521 /* UIImage+CropScaleOrientation.m */,
				17752A762EE14C5EA999194A /* CDVCamera.m */,
				E6229C47F4C4478492375F10 /* CDVJpegHeaderWriter.m */,
				2F5A3FD2A05C40F7B1A897AB /* UIImage+CropScaleOrientation.h */,
				A137F7C710A94B02A5511C63 /* CDVCamera.h */,
				54EE4C1957834925B12C6C07 /* CDVJpegHeaderWriter.h */,
				5490CFD71F164B2DB14A7CB2 /* CDVExif.h */,
				8A720E6C6CD2401E87CA6780 /* CDVLogger.m */,
				4390277F05844C06B196C99A /* CDVLogger.h */,
				67E4DE0337DB4C478B3FE887 /* CDVContacts.m */,
				68EDEAF7D30741469182628A /* CDVContact.m */,
				7B8FD29809564850A0F61811 /* CDVContacts.h */,
				4DFEBF8F1A28495D86B037A8 /* CDVContact.h */,
				32150975866641939EB0B3B2 /* CDVDevice.m */,
				D6A678D83FD14ABDB9FBD969 /* CDVDevice.h */,
				FF50261275C04687BD4BE1AE /* CDVAccelerometer.m */,
				10C3C59D2FAC40318C1D82D9 /* CDVAccelerometer.h */,
				875761C0E48E48A690AD87C3 /* CDVCompass.m */,
				72B3555D5AB2407A93FBD3DE /* CDVCompass.h */,
				BA69E77D27F34037892E68EF /* CDVNotification.m */,
				75C2141F533249228027710D /* CDVNotification.h */,
				799D590ED2ED465EB09C923A /* CDVFileTransfer.m */,
				BD2C33CDD46F4ACEA6D3F21C /* CDVFileTransfer.h */,
				826AE3679DD843D1A66154DF /* CDVLocation.m */,
				197F8AB78B674548BE6905BD /* CDVLocation.h */,
				3E03EE08450248498C5FEE7B /* CDVGlobalization.m */,
				31A06F98C0E24345ADC0B6EE /* CDVGlobalization.h */,
				8AAE9097886D4A3AA1681A4E /* CDVInAppBrowser.m */,
				43B0F993844C4B06B5E9F49C /* CDVInAppBrowser.h */,
				1A813844D7004A2BB3B82282 /* CDVSound.m */,
				4338CFE8C5134CBA85717EEC /* CDVSound.h */,
				68C0CA479EE141568AC2FBF9 /* CDVCapture.m */,
				F7EE895407234E9FBDB012E4 /* CDVCapture.h */,
				75FF794EDF76471499F9687A /* CDVConnection.m */,
				8BFFA331B726452EA782DA41 /* CDVReachability.m */,
				BF7E5C5EEAC1488695555B78 /* CDVConnection.h */,
				306F593E7D3C4D84BE873C09 /* CDVReachability.h */,
				98DF321E88C84528A7B6B381 /* CDVSplashScreen.m */,
				B248CD63989B4780A8366C27 /* CDVViewController+SplashScreen.m */,
				BF3AE97ABEFE480A98C6626B /* CDVSplashScreen.h */,
				BA076D074296412CB0DC984D /* CDVViewController+SplashScreen.h */,
				23D25FE102B94296A73BE293 /* CDVStatusBar.m */,
				D561762CED744F998E266EE4 /* CDVStatusBar.h */,
				DE97A452F95746F1A2FCA512 /* CDVVibration.m */,
				03C98658756341C2900EBE12 /* CDVVibration.h */,
				A05FCFFB89A243EA90E3954B /* CDVFile.m */,
				3FC55CA53F3C4A60AA410A10 /* CDVLocalFilesystem.m */,
				A68A59BCC68743D681C5026F /* CDVAssetLibraryFilesystem.m */,
				4AA923D91B114CEDAA6B7597 /* CDVFile.h */,
				1CB21CB211364D9AB6FE6EB9 /* CDVLocalFilesystem.h */,
				C2B55F54D77E4DD2B7761505 /* CDVAssetLibraryFilesystem.h */,
			);
			name = Plugins;
			path = "Mooona/Plugins";
			sourceTree = SOURCE_ROOT;
		};
		EB87FDF11871DA420020F90C /* Staging */ = {
			isa = PBXGroup;
			children = (
				F840E1F0165FE0F500CFE078 /* config.xml */,
				301BF56E109A69640062928A /* www */,
			);
			name = Staging;
			sourceTree = "<group>";
		};
/* End PBXGroup section */

/* Begin PBXNativeTarget section */
		1D6058900D05DD3D006BFB54 /* Mooona */ = {
			isa = PBXNativeTarget;
			buildConfigurationList = 1D6058960D05DD3E006BFB54 /* Build configuration list for PBXNativeTarget "Mooona" */;
			buildPhases = (
				304B58A110DAC018002A0835 /* Copy www directory */,
				1D60588D0D05DD3D006BFB54 /* Resources */,
				1D60588E0D05DD3D006BFB54 /* Sources */,
				1D60588F0D05DD3D006BFB54 /* Frameworks */,
			);
			buildRules = (
			);
			dependencies = (
				301BF551109A68C00062928A /* PBXTargetDependency */,
			);
			name = "Mooona";
			productName = "Mooona";
			productReference = 1D6058910D05DD3D006BFB54 /* Mooona.app */;
			productType = "com.apple.product-type.application";
		};
/* End PBXNativeTarget section */

/* Begin PBXProject section */
		29B97313FDCFA39411CA2CEA /* Project object */ = {
			isa = PBXProject;
			attributes = {
				LastUpgradeCheck = 510;
			};
			buildConfigurationList = C01FCF4E08A954540054247B /* Build configuration list for PBXProject "__NON-CLI__" */;
			compatibilityVersion = "Xcode 3.2";
			developmentRegion = English;
			hasScannedForEncodings = 1;
			mainGroup = 29B97314FDCFA39411CA2CEA /* CustomTemplate */;
			projectDirPath = "";
			projectReferences = (
				{
					ProductGroup = 301BF52E109A57CC0062928A /* Products */;
					ProjectRef = 301BF52D109A57CC0062928A /* CordovaLib.xcodeproj */;
				},
			);
			projectRoot = "";
			targets = (
				1D6058900D05DD3D006BFB54 /* Mooona */,
			);
		};
/* End PBXProject section */

/* Begin PBXReferenceProxy section */
		301BF535109A57CC0062928A /* libCordova.a */ = {
			isa = PBXReferenceProxy;
			fileType = archive.ar;
			path = libCordova.a;
			remoteRef = 301BF534109A57CC0062928A /* PBXContainerItemProxy */;
			sourceTree = BUILT_PRODUCTS_DIR;
		};
/* End PBXReferenceProxy section */

/* Begin PBXResourcesBuildPhase section */
		1D60588D0D05DD3D006BFB54 /* Resources */ = {
			isa = PBXResourcesBuildPhase;
			buildActionMask = 2147483647;
			files = (
				302D95F214D2391D003F00A1 /* MainViewController.xib in Resources */,
				3047A5131AB8059700498E2A /* build-release.xcconfig in Resources */,
				3047A5141AB8059700498E2A /* build.xcconfig in Resources */,
				0207DA581B56EA530066E2B4 /* Images.xcassets in Resources */,
				3047A5121AB8059700498E2A /* build-debug.xcconfig in Resources */,
				D50524AC3A5C4A82AE35D630 /* CDVNotification.bundle in Resources */,
				7005F31CA8E040FDACA9929A /* CDVCapture.bundle in Resources */,
			);
			runOnlyForDeploymentPostprocessing = 0;
		};
/* End PBXResourcesBuildPhase section */

/* Begin PBXShellScriptBuildPhase section */
		304B58A110DAC018002A0835 /* Copy www directory */ = {
			isa = PBXShellScriptBuildPhase;
			buildActionMask = 2147483647;
			files = (
			);
			inputPaths = (
			);
			name = "Copy www directory";
			outputPaths = (
			);
			runOnlyForDeploymentPostprocessing = 0;
			shellPath = /bin/sh;
			shellScript = "NODEJS_PATH=/usr/local/bin; NVM_NODE_PATH=~/.nvm/versions/node/`nvm version 2>/dev/null`/bin; N_NODE_PATH=`find /usr/local/n/versions/node/* -maxdepth 0 -type d 2>/dev/null | tail -1`/bin; XCODE_NODE_PATH=`xcode-select --print-path`/usr/share/xcs/Node/bin; PATH=$NODEJS_PATH:$NVM_NODE_PATH:$N_NODE_PATH:$XCODE_NODE_PATH:$PATH && node cordova/lib/copy-www-build-step.js";
			showEnvVarsInLog = 0;
		};
/* End PBXShellScriptBuildPhase section */

/* Begin PBXSourcesBuildPhase section */
		1D60588E0D05DD3D006BFB54 /* Sources */ = {
			isa = PBXSourcesBuildPhase;
			buildActionMask = 2147483647;
			files = (
				1D60589B0D05DD56006BFB54 /* main.m in Sources */,
				1D3623260D0F684500981E51 /* AppDelegate.m in Sources */,
				302D95F114D2391D003F00A1 /* MainViewController.m in Sources */,
				72F18749968140E6BBD20FAD /* CDVBattery.m in Sources */,
				782A94F3775946AAA68FDCCA /* UIImage+CropScaleOrientation.m in Sources */,
				B2846598E38A476B84A30C0D /* CDVCamera.m in Sources */,
				F7A626F7E7FA48CA9C2FF8BB /* CDVJpegHeaderWriter.m in Sources */,
				08A293A1EF83442F89114704 /* CDVLogger.m in Sources */,
				601180E14FD24D1FB4E03D17 /* CDVContacts.m in Sources */,
				0952FA7E5AAA4D299DF230B9 /* CDVContact.m in Sources */,
				8ED68B38CF654FA58B42DDEF /* CDVDevice.m in Sources */,
				30EFCB9BFFC347A9AFC7A20A /* CDVAccelerometer.m in Sources */,
				A9E76A193D294C2EB4FFDB90 /* CDVCompass.m in Sources */,
				BAA36489C0AC4C2D8835CB84 /* CDVNotification.m in Sources */,
				A2D271DAE0B2498D839E8B2B /* CDVFileTransfer.m in Sources */,
				D70809AB60C346FAB2B8C5EF /* CDVLocation.m in Sources */,
				3E16489CD3B64F60AE506593 /* CDVGlobalization.m in Sources */,
				16EE5A87F63141F580972E21 /* CDVInAppBrowser.m in Sources */,
				C1E7D8FCCDD04829B27B3CE3 /* CDVSound.m in Sources */,
				D2FF6249C2B94C5D84173790 /* CDVCapture.m in Sources */,
				B74D4DC28205471DA5A32949 /* CDVConnection.m in Sources */,
				C3A19C85A12A45F0BE6A5580 /* CDVReachability.m in Sources */,
				183916C7087B4AC6A10C937F /* CDVSplashScreen.m in Sources */,
				639AB1CBD5824DE6BA68D331 /* CDVViewController+SplashScreen.m in Sources */,
				BF47CA335E0147C8A7B1EFCA /* CDVStatusBar.m in Sources */,
				9B03626ECD6048279768D63D /* CDVVibration.m in Sources */,
				EACB2ABA380A4B75BB485A0B /* CDVFile.m in Sources */,
				F25CED2E68F2439EBD6A2D2C /* CDVLocalFilesystem.m in Sources */,
				D6B6BB9804664488A2E43356 /* CDVAssetLibraryFilesystem.m in Sources */,
			);
			runOnlyForDeploymentPostprocessing = 0;
		};
/* End PBXSourcesBuildPhase section */

/* Begin PBXTargetDependency section */
		301BF551109A68C00062928A /* PBXTargetDependency */ = {
			isa = PBXTargetDependency;
			name = CordovaLib;
			targetProxy = 301BF550109A68C00062928A /* PBXContainerItemProxy */;
		};
/* End PBXTargetDependency section */

/* Begin XCBuildConfiguration section */
		1D6058940D05DD3E006BFB54 /* Debug */ = {
			isa = XCBuildConfiguration;
			baseConfigurationReference = 3047A50F1AB8059700498E2A /* build-debug.xcconfig */;
			buildSettings = {
				ALWAYS_SEARCH_USER_PATHS = NO;
				ASSETCATALOG_COMPILER_APPICON_NAME = AppIcon;
				ASSETCATALOG_COMPILER_LAUNCHIMAGE_NAME = LaunchImage;
				CLANG_ENABLE_MODULES = YES;
				CLANG_ENABLE_OBJC_ARC = YES;
				COPY_PHASE_STRIP = NO;
				GCC_DYNAMIC_NO_PIC = NO;
				GCC_OPTIMIZATION_LEVEL = 0;
				GCC_PRECOMPILE_PREFIX_HEADER = YES;
				GCC_PREFIX_HEADER = "Mooona/Mooona-Prefix.pch";
				GCC_THUMB_SUPPORT = NO;
				GCC_VERSION = "";
				INFOPLIST_FILE = "Mooona/Mooona-Info.plist";
				LD_RUNPATH_SEARCH_PATHS = "@executable_path/Frameworks";
				PRODUCT_NAME = "Mooona";
			};
			name = Debug;
		};
		1D6058950D05DD3E006BFB54 /* Release */ = {
			isa = XCBuildConfiguration;
			baseConfigurationReference = 3047A5101AB8059700498E2A /* build-release.xcconfig */;
			buildSettings = {
				ALWAYS_SEARCH_USER_PATHS = NO;
				ASSETCATALOG_COMPILER_APPICON_NAME = AppIcon;
				ASSETCATALOG_COMPILER_LAUNCHIMAGE_NAME = LaunchImage;
				CLANG_ENABLE_MODULES = YES;
				CLANG_ENABLE_OBJC_ARC = YES;
				COPY_PHASE_STRIP = YES;
				GCC_PRECOMPILE_PREFIX_HEADER = YES;
				GCC_PREFIX_HEADER = "Mooona/Mooona-Prefix.pch";
				GCC_THUMB_SUPPORT = NO;
				GCC_VERSION = "";
				INFOPLIST_FILE = "Mooona/Mooona-Info.plist";
				PRODUCT_NAME = "Mooona";
			};
			name = Release;
		};
		C01FCF4F08A954540054247B /* Debug */ = {
			isa = XCBuildConfiguration;
			baseConfigurationReference = 3047A5111AB8059700498E2A /* build.xcconfig */;
			buildSettings = {
				CLANG_ENABLE_MODULES = YES;
				CLANG_ENABLE_OBJC_ARC = YES;
				CLANG_WARN_BOOL_CONVERSION = YES;
				CLANG_WARN_CONSTANT_CONVERSION = YES;
				CLANG_WARN_EMPTY_BODY = YES;
				CLANG_WARN_ENUM_CONVERSION = YES;
				CLANG_WARN_INT_CONVERSION = YES;
				CLANG_WARN__DUPLICATE_METHOD_MATCH = YES;
				GCC_C_LANGUAGE_STANDARD = c99;
				GCC_THUMB_SUPPORT = NO;
				GCC_VERSION = "";
				GCC_WARN_ABOUT_RETURN_TYPE = YES;
				GCC_WARN_UNDECLARED_SELECTOR = YES;
				GCC_WARN_UNINITIALIZED_AUTOS = YES;
				GCC_WARN_UNUSED_FUNCTION = YES;
				GCC_WARN_UNUSED_VARIABLE = YES;
				ONLY_ACTIVE_ARCH = YES;
				SDKROOT = iphoneos;
				SKIP_INSTALL = NO;
				PRODUCT_NAME = "Mooona";
			};
			name = Debug;
		};
		C01FCF5008A954540054247B /* Release */ = {
			isa = XCBuildConfiguration;
			baseConfigurationReference = 3047A5111AB8059700498E2A /* build.xcconfig */;
			buildSettings = {
				CLANG_ENABLE_MODULES = YES;
				CLANG_ENABLE_OBJC_ARC = YES;
				CLANG_WARN_BOOL_CONVERSION = YES;
				CLANG_WARN_CONSTANT_CONVERSION = YES;
				CLANG_WARN_EMPTY_BODY = YES;
				CLANG_WARN_ENUM_CONVERSION = YES;
				CLANG_WARN_INT_CONVERSION = YES;
				CLANG_WARN__DUPLICATE_METHOD_MATCH = YES;
				GCC_C_LANGUAGE_STANDARD = c99;
				GCC_THUMB_SUPPORT = NO;
				GCC_VERSION = "";
				GCC_WARN_ABOUT_RETURN_TYPE = YES;
				GCC_WARN_UNDECLARED_SELECTOR = YES;
				GCC_WARN_UNINITIALIZED_AUTOS = YES;
				GCC_WARN_UNUSED_FUNCTION = YES;
				GCC_WARN_UNUSED_VARIABLE = YES;
				SDKROOT = iphoneos;
				SKIP_INSTALL = NO;
				PRODUCT_NAME = "Mooona";
			};
			name = Release;
		};
/* End XCBuildConfiguration section */

/* Begin XCConfigurationList section */
		1D6058960D05DD3E006BFB54 /* Build configuration list for PBXNativeTarget "Mooona" */ = {
			isa = XCConfigurationList;
			buildConfigurations = (
				1D6058940D05DD3E006BFB54 /* Debug */,
				1D6058950D05DD3E006BFB54 /* Release */,
			);
			defaultConfigurationIsVisible = 0;
			defaultConfigurationName = Release;
		};
		C01FCF4E08A954540054247B /* Build configuration list for PBXProject "__NON-CLI__" */ = {
			isa = XCConfigurationList;
			buildConfigurations = (
				C01FCF4F08A954540054247B /* Debug */,
				C01FCF5008A954540054247B /* Release */,
			);
			defaultConfigurationIsVisible = 0;
			defaultConfigurationName = Release;
		};
/* End XCConfigurationList section */
	};
	rootObject = 29B97313FDCFA39411CA2CEA /* Project object */;
}
